// !$*UTF8*$!
{
	archiveVersion = 1;
	classes = {
	};
	objectVersion = 46;
	objects = {

/* Begin PBXBuildFile section */
		7402E00E1ABE1928000BAB26 /* WalkthroughViewController.m in Sources */ = {isa = PBXBuildFile; fileRef = 7402E0091ABE1928000BAB26 /* WalkthroughViewController.m */; };
		7402E00F1ABE1928000BAB26 /* WalkthroughPageViewController.m in Sources */ = {isa = PBXBuildFile; fileRef = 7402E00B1ABE1928000BAB26 /* WalkthroughPageViewController.m */; };
		7402E0101ABE1928000BAB26 /* ContentViewController.m in Sources */ = {isa = PBXBuildFile; fileRef = 7402E00D1ABE1928000BAB26 /* ContentViewController.m */; };
		7402E0131ABE1944000BAB26 /* Walkthrough.storyboard in Resources */ = {isa = PBXBuildFile; fileRef = 7402E0121ABE1944000BAB26 /* Walkthrough.storyboard */; };
		7402E01A1ABE197A000BAB26 /* RIButtonItem.m in Sources */ = {isa = PBXBuildFile; fileRef = 7402E0151ABE197A000BAB26 /* RIButtonItem.m */; };
		7402E01B1ABE197A000BAB26 /* UIActionSheet+Blocks.m in Sources */ = {isa = PBXBuildFile; fileRef = 7402E0171ABE197A000BAB26 /* UIActionSheet+Blocks.m */; };
		7402E01C1ABE197A000BAB26 /* UIAlertView+Blocks.m in Sources */ = {isa = PBXBuildFile; fileRef = 7402E0191ABE197A000BAB26 /* UIAlertView+Blocks.m */; };
		7402E0221ABE19BB000BAB26 /* MBProgressHUD.m in Sources */ = {isa = PBXBuildFile; fileRef = 7402E0211ABE19BB000BAB26 /* MBProgressHUD.m */; };
		7402E0401ABE1A00000BAB26 /* HelveticaNeueCyr-Black.otf in Resources */ = {isa = PBXBuildFile; fileRef = 7402E0241ABE1A00000BAB26 /* HelveticaNeueCyr-Black.otf */; };
		7402E0411ABE1A00000BAB26 /* HelveticaNeueCyr-BlackItalic.otf in Resources */ = {isa = PBXBuildFile; fileRef = 7402E0251ABE1A00000BAB26 /* HelveticaNeueCyr-BlackItalic.otf */; };
		7402E0421ABE1A00000BAB26 /* HelveticaNeueCyr-Bold.otf in Resources */ = {isa = PBXBuildFile; fileRef = 7402E0261ABE1A00000BAB26 /* HelveticaNeueCyr-Bold.otf */; };
		7402E0431ABE1A00000BAB26 /* HelveticaNeueCyr-BoldItalic.otf in Resources */ = {isa = PBXBuildFile; fileRef = 7402E0271ABE1A00000BAB26 /* HelveticaNeueCyr-BoldItalic.otf */; };
		7402E0441ABE1A00000BAB26 /* HelveticaNeueCyr-Italic.otf in Resources */ = {isa = PBXBuildFile; fileRef = 7402E0281ABE1A00000BAB26 /* HelveticaNeueCyr-Italic.otf */; };
		7402E0451ABE1A00000BAB26 /* HelveticaNeueCyr-Light.otf in Resources */ = {isa = PBXBuildFile; fileRef = 7402E0291ABE1A00000BAB26 /* HelveticaNeueCyr-Light.otf */; };
		7402E0461ABE1A00000BAB26 /* HelveticaNeueCyr-LightItalic.otf in Resources */ = {isa = PBXBuildFile; fileRef = 7402E02A1ABE1A00000BAB26 /* HelveticaNeueCyr-LightItalic.otf */; };
		7402E0471ABE1A00000BAB26 /* HelveticaNeueCyr-Medium.otf in Resources */ = {isa = PBXBuildFile; fileRef = 7402E02B1ABE1A00000BAB26 /* HelveticaNeueCyr-Medium.otf */; };
		7402E0481ABE1A00000BAB26 /* HelveticaNeueCyr-Roman.otf in Resources */ = {isa = PBXBuildFile; fileRef = 7402E02C1ABE1A00000BAB26 /* HelveticaNeueCyr-Roman.otf */; };
		7402E0491ABE1A00000BAB26 /* HelveticaNeueCyr-Thin.otf in Resources */ = {isa = PBXBuildFile; fileRef = 7402E02D1ABE1A00000BAB26 /* HelveticaNeueCyr-Thin.otf */; };
		7402E04A1ABE1A00000BAB26 /* HelveticaNeueCyr-ThinItalic.otf in Resources */ = {isa = PBXBuildFile; fileRef = 7402E02E1ABE1A00000BAB26 /* HelveticaNeueCyr-ThinItalic.otf */; };
		7402E04B1ABE1A00000BAB26 /* HelveticaNeueCyr-UltraLight_0.otf in Resources */ = {isa = PBXBuildFile; fileRef = 7402E02F1ABE1A00000BAB26 /* HelveticaNeueCyr-UltraLight_0.otf */; };
		7402E04C1ABE1A00000BAB26 /* HelveticaNeueCyr-UltraLightItalic.otf in Resources */ = {isa = PBXBuildFile; fileRef = 7402E0301ABE1A00000BAB26 /* HelveticaNeueCyr-UltraLightItalic.otf */; };
		7402E04D1ABE1A00000BAB26 /* Ubuntu-B.ttf in Resources */ = {isa = PBXBuildFile; fileRef = 7402E0311ABE1A00000BAB26 /* Ubuntu-B.ttf */; };
		7402E04E1ABE1A00000BAB26 /* Ubuntu-BI.ttf in Resources */ = {isa = PBXBuildFile; fileRef = 7402E0321ABE1A00000BAB26 /* Ubuntu-BI.ttf */; };
		7402E04F1ABE1A00000BAB26 /* Ubuntu-C.ttf in Resources */ = {isa = PBXBuildFile; fileRef = 7402E0331ABE1A00000BAB26 /* Ubuntu-C.ttf */; };
		7402E0501ABE1A00000BAB26 /* Ubuntu-L.ttf in Resources */ = {isa = PBXBuildFile; fileRef = 7402E0341ABE1A00000BAB26 /* Ubuntu-L.ttf */; };
		7402E0511ABE1A00000BAB26 /* Ubuntu-LI.ttf in Resources */ = {isa = PBXBuildFile; fileRef = 7402E0351ABE1A00000BAB26 /* Ubuntu-LI.ttf */; };
		7402E0521ABE1A00000BAB26 /* Ubuntu-R.ttf in Resources */ = {isa = PBXBuildFile; fileRef = 7402E0361ABE1A00000BAB26 /* Ubuntu-R.ttf */; };
		7402E0531ABE1A00000BAB26 /* Ubuntu-M.ttf in Resources */ = {isa = PBXBuildFile; fileRef = 7402E0371ABE1A00000BAB26 /* Ubuntu-M.ttf */; };
		7402E0541ABE1A00000BAB26 /* Ubuntu-MI.ttf in Resources */ = {isa = PBXBuildFile; fileRef = 7402E0381ABE1A00000BAB26 /* Ubuntu-MI.ttf */; };
		7402E0561ABE1A00000BAB26 /* Ubuntu-RI.ttf in Resources */ = {isa = PBXBuildFile; fileRef = 7402E03A1ABE1A00000BAB26 /* Ubuntu-RI.ttf */; };
		7402E0571ABE1A00000BAB26 /* UbuntuMono-B.ttf in Resources */ = {isa = PBXBuildFile; fileRef = 7402E03B1ABE1A00000BAB26 /* UbuntuMono-B.ttf */; };
		7402E0581ABE1A00000BAB26 /* UbuntuMono-BI.ttf in Resources */ = {isa = PBXBuildFile; fileRef = 7402E03C1ABE1A00000BAB26 /* UbuntuMono-BI.ttf */; };
		7402E0591ABE1A00000BAB26 /* UbuntuMono-R.ttf in Resources */ = {isa = PBXBuildFile; fileRef = 7402E03D1ABE1A00000BAB26 /* UbuntuMono-R.ttf */; };
		7402E05A1ABE1A00000BAB26 /* UbuntuMono-RI.ttf in Resources */ = {isa = PBXBuildFile; fileRef = 7402E03E1ABE1A00000BAB26 /* UbuntuMono-RI.ttf */; };
		7402E05B1ABE1A00000BAB26 /* Calibri.ttf in Resources */ = {isa = PBXBuildFile; fileRef = 7402E03F1ABE1A00000BAB26 /* Calibri.ttf */; };
		741352601AF63C5A0071D950 /* HSGradientedView.m in Sources */ = {isa = PBXBuildFile; fileRef = 7413525F1AF63C5A0071D950 /* HSGradientedView.m */; };
		741352631AF640AC0071D950 /* HSFeedViewController.m in Sources */ = {isa = PBXBuildFile; fileRef = 741352621AF640AC0071D950 /* HSFeedViewController.m */; };
		7413526C1AF69C960071D950 /* Fabric.framework in Frameworks */ = {isa = PBXBuildFile; fileRef = 7413526A1AF69C960071D950 /* Fabric.framework */; };
		7413526D1AF69C960071D950 /* Crashlytics.framework in Frameworks */ = {isa = PBXBuildFile; fileRef = 7413526B1AF69C960071D950 /* Crashlytics.framework */; };
		744376531AC1B8560085A2C3 /* HSAuthManager.m in Sources */ = {isa = PBXBuildFile; fileRef = 744376521AC1B8560085A2C3 /* HSAuthManager.m */; };
		744376611AC2223B0085A2C3 /* FAImageView.m in Sources */ = {isa = PBXBuildFile; fileRef = 7443765C1AC2223B0085A2C3 /* FAImageView.m */; };
		744376621AC2223B0085A2C3 /* NSString+FontAwesome.m in Sources */ = {isa = PBXBuildFile; fileRef = 7443765E1AC2223B0085A2C3 /* NSString+FontAwesome.m */; };
		744376631AC2223B0085A2C3 /* UIFont+FontAwesome.m in Sources */ = {isa = PBXBuildFile; fileRef = 744376601AC2223B0085A2C3 /* UIFont+FontAwesome.m */; };
		744376651AC222440085A2C3 /* FontAwesome.ttf in Resources */ = {isa = PBXBuildFile; fileRef = 744376641AC222440085A2C3 /* FontAwesome.ttf */; };
		744376681AC2226A0085A2C3 /* HSContactController.m in Sources */ = {isa = PBXBuildFile; fileRef = 744376671AC2226A0085A2C3 /* HSContactController.m */; };
		7443766C1AC2228A0085A2C3 /* HSRoundedBtn.m in Sources */ = {isa = PBXBuildFile; fileRef = 7443766B1AC2228A0085A2C3 /* HSRoundedBtn.m */; };
		749BB6C91AB767010071A98E /* main.m in Sources */ = {isa = PBXBuildFile; fileRef = 749BB6C81AB767010071A98E /* main.m */; };
		749BB6CC1AB767010071A98E /* AppDelegate.m in Sources */ = {isa = PBXBuildFile; fileRef = 749BB6CB1AB767010071A98E /* AppDelegate.m */; };
		749BB6CF1AB767010071A98E /* HSHabbitsListController.m in Sources */ = {isa = PBXBuildFile; fileRef = 749BB6CE1AB767010071A98E /* HSHabbitsListController.m */; };
		749BB6D21AB767010071A98E /* Main.storyboard in Resources */ = {isa = PBXBuildFile; fileRef = 749BB6D01AB767010071A98E /* Main.storyboard */; };
		749BB6D41AB767010071A98E /* Images.xcassets in Resources */ = {isa = PBXBuildFile; fileRef = 749BB6D31AB767010071A98E /* Images.xcassets */; };
		749BB6D71AB767010071A98E /* LaunchScreen.xib in Resources */ = {isa = PBXBuildFile; fileRef = 749BB6D51AB767010071A98E /* LaunchScreen.xib */; };
		749BB6E31AB767010071A98E /* hskingTests.m in Sources */ = {isa = PBXBuildFile; fileRef = 749BB6E21AB767010071A98E /* hskingTests.m */; };
		74ACE2A11AC2A65400921D62 /* NSMutableURLRequest+MultipartForm.m in Sources */ = {isa = PBXBuildFile; fileRef = 74ACE2A01AC2A65400921D62 /* NSMutableURLRequest+MultipartForm.m */; };
		74ACE2A41AC2A81900921D62 /* VMConnection.m in Sources */ = {isa = PBXBuildFile; fileRef = 74ACE2A31AC2A81900921D62 /* VMConnection.m */; };
		74ACE2AA1AC2C31E00921D62 /* SSKeychain.m in Sources */ = {isa = PBXBuildFile; fileRef = 74ACE2A71AC2C31E00921D62 /* SSKeychain.m */; };
		74ACE2AB1AC2C31E00921D62 /* SSKeychainQuery.m in Sources */ = {isa = PBXBuildFile; fileRef = 74ACE2A91AC2C31E00921D62 /* SSKeychainQuery.m */; };
		74ACE2AE1AC2C68100921D62 /* HSDataManager.m in Sources */ = {isa = PBXBuildFile; fileRef = 74ACE2AD1AC2C68100921D62 /* HSDataManager.m */; };
		74ACE2B11AC2D5D300921D62 /* NSString+Size.m in Sources */ = {isa = PBXBuildFile; fileRef = 74ACE2B01AC2D5D300921D62 /* NSString+Size.m */; };
		74ACE2B71AC2D69700921D62 /* NSArray+WithoutNull.m in Sources */ = {isa = PBXBuildFile; fileRef = 74ACE2B41AC2D69700921D62 /* NSArray+WithoutNull.m */; };
		74ACE2B81AC2D69700921D62 /* NSDictionary+WithoutNull.m in Sources */ = {isa = PBXBuildFile; fileRef = 74ACE2B61AC2D69700921D62 /* NSDictionary+WithoutNull.m */; };
		74AE57541AC02029004FA900 /* PDDTopBtmLinedView.m in Sources */ = {isa = PBXBuildFile; fileRef = 74AE57531AC02029004FA900 /* PDDTopBtmLinedView.m */; };
		74AE57581AC02040004FA900 /* PDDTopLinedView.m in Sources */ = {isa = PBXBuildFile; fileRef = 74AE57571AC02040004FA900 /* PDDTopLinedView.m */; };
		74AE576C1AC02105004FA900 /* WBRequestManager.m in Sources */ = {isa = PBXBuildFile; fileRef = 74AE575B1AC02105004FA900 /* WBRequestManager.m */; };
		74AE576D1AC02105004FA900 /* NSError+WBKit.m in Sources */ = {isa = PBXBuildFile; fileRef = 74AE575D1AC02105004FA900 /* NSError+WBKit.m */; };
		74AE576E1AC02105004FA900 /* UIAlertView+NSError.m in Sources */ = {isa = PBXBuildFile; fileRef = 74AE575F1AC02105004FA900 /* UIAlertView+NSError.m */; };
		74AE576F1AC02105004FA900 /* UIView+WBKit.m in Sources */ = {isa = PBXBuildFile; fileRef = 74AE57611AC02105004FA900 /* UIView+WBKit.m */; };
		74AE57701AC02105004FA900 /* WBInAppHelper.m in Sources */ = {isa = PBXBuildFile; fileRef = 74AE57631AC02105004FA900 /* WBInAppHelper.m */; };
		74AE57711AC02105004FA900 /* NSData+AES256.m in Sources */ = {isa = PBXBuildFile; fileRef = 74AE57651AC02105004FA900 /* NSData+AES256.m */; };
		74AE57721AC02105004FA900 /* UIViewController+WBKit.m in Sources */ = {isa = PBXBuildFile; fileRef = 74AE57671AC02105004FA900 /* UIViewController+WBKit.m */; };
		74AE57731AC02105004FA900 /* NSString+WBKit.m in Sources */ = {isa = PBXBuildFile; fileRef = 74AE57691AC02105004FA900 /* NSString+WBKit.m */; };
		74AE57741AC02105004FA900 /* UIImage+WBKit.m in Sources */ = {isa = PBXBuildFile; fileRef = 74AE576B1AC02105004FA900 /* UIImage+WBKit.m */; };
		74AE57771AC0211E004FA900 /* Auth.storyboard in Resources */ = {isa = PBXBuildFile; fileRef = 74AE57761AC0211E004FA900 /* Auth.storyboard */; };
		74AE577A1AC02136004FA900 /* RegistrationViewController.m in Sources */ = {isa = PBXBuildFile; fileRef = 74AE57791AC02136004FA900 /* RegistrationViewController.m */; };
		74AE57A01AC02195004FA900 /* KeyboardLayoutConstraint.swift in Sources */ = {isa = PBXBuildFile; fileRef = 74AE57881AC02195004FA900 /* KeyboardLayoutConstraint.swift */; };
		74AE57AF1AC0232E004FA900 /* TPHalfPixelConstraint.m in Sources */ = {isa = PBXBuildFile; fileRef = 74AE57AE1AC0232E004FA900 /* TPHalfPixelConstraint.m */; };
		74AE57B41AC02ABD004FA900 /* UIView+Shake.m in Sources */ = {isa = PBXBuildFile; fileRef = 74AE57B31AC02ABD004FA900 /* UIView+Shake.m */; };
		74B4E5F71AC6191800FFB1CF /* HSHabbitViewController.m in Sources */ = {isa = PBXBuildFile; fileRef = 74B4E5F61AC6191800FFB1CF /* HSHabbitViewController.m */; };
		74B4E5FB1AC61B7A00FFB1CF /* BFPaperButton.m in Sources */ = {isa = PBXBuildFile; fileRef = 74B4E5FA1AC61B7A00FFB1CF /* BFPaperButton.m */; };
		74B4E5FE1AC61B8700FFB1CF /* UIColor+BFPaperColors.m in Sources */ = {isa = PBXBuildFile; fileRef = 74B4E5FD1AC61B8700FFB1CF /* UIColor+BFPaperColors.m */; };
		74B4E6011AC61FC800FFB1CF /* BFPaperTabBarController.m in Sources */ = {isa = PBXBuildFile; fileRef = 74B4E6001AC61FC800FFB1CF /* BFPaperTabBarController.m */; };
		74B4E6041AC6200C00FFB1CF /* BFPaperTableViewCell.m in Sources */ = {isa = PBXBuildFile; fileRef = 74B4E6031AC6200C00FFB1CF /* BFPaperTableViewCell.m */; };
		74BFECFE1AF5EB7F00FFD72E /* UIColor+HEX.m in Sources */ = {isa = PBXBuildFile; fileRef = 74BFECFD1AF5EB7F00FFD72E /* UIColor+HEX.m */; };
		74BFED1E1AF5EBF600FFD72E /* NSData+ImageContentType.m in Sources */ = {isa = PBXBuildFile; fileRef = 74BFED001AF5EBF600FFD72E /* NSData+ImageContentType.m */; };
		74BFED1F1AF5EBF600FFD72E /* SDImageCache.m in Sources */ = {isa = PBXBuildFile; fileRef = 74BFED021AF5EBF600FFD72E /* SDImageCache.m */; };
		74BFED201AF5EBF600FFD72E /* SDWebImageCompat.m in Sources */ = {isa = PBXBuildFile; fileRef = 74BFED041AF5EBF600FFD72E /* SDWebImageCompat.m */; };
		74BFED211AF5EBF600FFD72E /* SDWebImageDecoder.m in Sources */ = {isa = PBXBuildFile; fileRef = 74BFED061AF5EBF600FFD72E /* SDWebImageDecoder.m */; };
		74BFED221AF5EBF600FFD72E /* SDWebImageDownloader.m in Sources */ = {isa = PBXBuildFile; fileRef = 74BFED081AF5EBF600FFD72E /* SDWebImageDownloader.m */; };
		74BFED231AF5EBF600FFD72E /* SDWebImageDownloaderOperation.m in Sources */ = {isa = PBXBuildFile; fileRef = 74BFED0A1AF5EBF600FFD72E /* SDWebImageDownloaderOperation.m */; };
		74BFED241AF5EBF600FFD72E /* SDWebImageManager.m in Sources */ = {isa = PBXBuildFile; fileRef = 74BFED0C1AF5EBF600FFD72E /* SDWebImageManager.m */; };
		74BFED251AF5EBF600FFD72E /* SDWebImagePrefetcher.m in Sources */ = {isa = PBXBuildFile; fileRef = 74BFED0F1AF5EBF600FFD72E /* SDWebImagePrefetcher.m */; };
		74BFED261AF5EBF600FFD72E /* UIButton+WebCache.m in Sources */ = {isa = PBXBuildFile; fileRef = 74BFED111AF5EBF600FFD72E /* UIButton+WebCache.m */; };
		74BFED271AF5EBF600FFD72E /* UIImage+GIF.m in Sources */ = {isa = PBXBuildFile; fileRef = 74BFED131AF5EBF600FFD72E /* UIImage+GIF.m */; };
		74BFED281AF5EBF600FFD72E /* UIImage+MultiFormat.m in Sources */ = {isa = PBXBuildFile; fileRef = 74BFED151AF5EBF600FFD72E /* UIImage+MultiFormat.m */; };
		74BFED291AF5EBF600FFD72E /* UIImage+WebP.m in Sources */ = {isa = PBXBuildFile; fileRef = 74BFED171AF5EBF600FFD72E /* UIImage+WebP.m */; };
		74BFED2A1AF5EBF600FFD72E /* UIImageView+HighlightedWebCache.m in Sources */ = {isa = PBXBuildFile; fileRef = 74BFED191AF5EBF600FFD72E /* UIImageView+HighlightedWebCache.m */; };
		74BFED2B1AF5EBF600FFD72E /* UIImageView+WebCache.m in Sources */ = {isa = PBXBuildFile; fileRef = 74BFED1B1AF5EBF600FFD72E /* UIImageView+WebCache.m */; };
		74BFED2C1AF5EBF600FFD72E /* UIView+WebCacheOperation.m in Sources */ = {isa = PBXBuildFile; fileRef = 74BFED1D1AF5EBF600FFD72E /* UIView+WebCacheOperation.m */; };
		74BFED301AF5F78500FFD72E /* HSWebViewController.m in Sources */ = {isa = PBXBuildFile; fileRef = 74BFED2F1AF5F78500FFD72E /* HSWebViewController.m */; };
		74BFED331AF604C600FFD72E /* HSMineManager.m in Sources */ = {isa = PBXBuildFile; fileRef = 74BFED321AF604C600FFD72E /* HSMineManager.m */; };
		74BFED361AF60D7500FFD72E /* HSHabbitSettingsController.m in Sources */ = {isa = PBXBuildFile; fileRef = 74BFED351AF60D7500FFD72E /* HSHabbitSettingsController.m */; };
		74BFED391AF60F7A00FFD72E /* HSScheduleManager.m in Sources */ = {isa = PBXBuildFile; fileRef = 74BFED381AF60F7A00FFD72E /* HSScheduleManager.m */; };
		74BFED3C1AF60F8A00FFD72E /* HSActivityManager.m in Sources */ = {isa = PBXBuildFile; fileRef = 74BFED3B1AF60F8A00FFD72E /* HSActivityManager.m */; };
		74BFED3F1AF610EB00FFD72E /* HSSelectorViewController.m in Sources */ = {isa = PBXBuildFile; fileRef = 74BFED3E1AF610EB00FFD72E /* HSSelectorViewController.m */; };
		74BFED411AF6176600FFD72E /* headerMain.xib in Resources */ = {isa = PBXBuildFile; fileRef = 74BFED401AF6176600FFD72E /* headerMain.xib */; };
		74E82F1D1B0092B800CC3D19 /* UIViewController+Utils.m in Sources */ = {isa = PBXBuildFile; fileRef = 74E82F1C1B0092B800CC3D19 /* UIViewController+Utils.m */; };
		74E82F261B00AE7F00CC3D19 /* TSBlurView.m in Sources */ = {isa = PBXBuildFile; fileRef = 74E82F211B00AE7F00CC3D19 /* TSBlurView.m */; };
		74E82F271B00AE7F00CC3D19 /* TSMessage.m in Sources */ = {isa = PBXBuildFile; fileRef = 74E82F231B00AE7F00CC3D19 /* TSMessage.m */; };
		74E82F281B00AE7F00CC3D19 /* TSMessageView.m in Sources */ = {isa = PBXBuildFile; fileRef = 74E82F251B00AE7F00CC3D19 /* TSMessageView.m */; };
		74E82F391B00AE8800CC3D19 /* NotificationBackgroundError.png in Resources */ = {isa = PBXBuildFile; fileRef = 74E82F291B00AE8800CC3D19 /* NotificationBackgroundError.png */; };
		74E82F3A1B00AE8800CC3D19 /* NotificationBackgroundError@2x.png in Resources */ = {isa = PBXBuildFile; fileRef = 74E82F2A1B00AE8800CC3D19 /* NotificationBackgroundError@2x.png */; };
		74E82F3B1B00AE8800CC3D19 /* NotificationBackgroundErrorIcon.png in Resources */ = {isa = PBXBuildFile; fileRef = 74E82F2B1B00AE8800CC3D19 /* NotificationBackgroundErrorIcon.png */; };
		74E82F3C1B00AE8800CC3D19 /* NotificationBackgroundErrorIcon@2x.png in Resources */ = {isa = PBXBuildFile; fileRef = 74E82F2C1B00AE8800CC3D19 /* NotificationBackgroundErrorIcon@2x.png */; };
		74E82F3D1B00AE8800CC3D19 /* NotificationBackgroundMessage.png in Resources */ = {isa = PBXBuildFile; fileRef = 74E82F2D1B00AE8800CC3D19 /* NotificationBackgroundMessage.png */; };
		74E82F3E1B00AE8800CC3D19 /* NotificationBackgroundMessage@2x.png in Resources */ = {isa = PBXBuildFile; fileRef = 74E82F2E1B00AE8800CC3D19 /* NotificationBackgroundMessage@2x.png */; };
		74E82F3F1B00AE8800CC3D19 /* NotificationBackgroundSuccess.png in Resources */ = {isa = PBXBuildFile; fileRef = 74E82F2F1B00AE8800CC3D19 /* NotificationBackgroundSuccess.png */; };
		74E82F401B00AE8800CC3D19 /* NotificationBackgroundSuccess@2x.png in Resources */ = {isa = PBXBuildFile; fileRef = 74E82F301B00AE8800CC3D19 /* NotificationBackgroundSuccess@2x.png */; };
		74E82F411B00AE8800CC3D19 /* NotificationBackgroundSuccessIcon.png in Resources */ = {isa = PBXBuildFile; fileRef = 74E82F311B00AE8800CC3D19 /* NotificationBackgroundSuccessIcon.png */; };
		74E82F421B00AE8800CC3D19 /* NotificationBackgroundSuccessIcon@2x.png in Resources */ = {isa = PBXBuildFile; fileRef = 74E82F321B00AE8800CC3D19 /* NotificationBackgroundSuccessIcon@2x.png */; };
		74E82F431B00AE8800CC3D19 /* NotificationBackgroundWarning.png in Resources */ = {isa = PBXBuildFile; fileRef = 74E82F331B00AE8800CC3D19 /* NotificationBackgroundWarning.png */; };
		74E82F441B00AE8800CC3D19 /* NotificationBackgroundWarning@2x.png in Resources */ = {isa = PBXBuildFile; fileRef = 74E82F341B00AE8800CC3D19 /* NotificationBackgroundWarning@2x.png */; };
		74E82F451B00AE8800CC3D19 /* NotificationBackgroundWarningIcon.png in Resources */ = {isa = PBXBuildFile; fileRef = 74E82F351B00AE8800CC3D19 /* NotificationBackgroundWarningIcon.png */; };
		74E82F461B00AE8800CC3D19 /* NotificationBackgroundWarningIcon@2x.png in Resources */ = {isa = PBXBuildFile; fileRef = 74E82F361B00AE8800CC3D19 /* NotificationBackgroundWarningIcon@2x.png */; };
		74E82F471B00AE8800CC3D19 /* NotificationButtonBackground.png in Resources */ = {isa = PBXBuildFile; fileRef = 74E82F371B00AE8800CC3D19 /* NotificationButtonBackground.png */; };
		74E82F481B00AE8800CC3D19 /* NotificationButtonBackground@2x.png in Resources */ = {isa = PBXBuildFile; fileRef = 74E82F381B00AE8800CC3D19 /* NotificationButtonBackground@2x.png */; };
		74E82F4C1B00AEAC00CC3D19 /* HexColor.m in Sources */ = {isa = PBXBuildFile; fileRef = 74E82F4B1B00AEAC00CC3D19 /* HexColor.m */; };
		74E82F4E1B00B9EE00CC3D19 /* AlternativeDesign.json in Resources */ = {isa = PBXBuildFile; fileRef = 74E82F4D1B00B9EE00CC3D19 /* AlternativeDesign.json */; };
		74E82F501B00BA3C00CC3D19 /* TSMessagesDefaultDesign.json in Resources */ = {isa = PBXBuildFile; fileRef = 74E82F4F1B00BA3C00CC3D19 /* TSMessagesDefaultDesign.json */; };
		74E82F551B00BD0400CC3D19 /* HSProgressCell.m in Sources */ = {isa = PBXBuildFile; fileRef = 74E82F541B00BD0400CC3D19 /* HSProgressCell.m */; };
		74E82F591B00BEB700CC3D19 /* DNSSwipeableCell.m in Sources */ = {isa = PBXBuildFile; fileRef = 74E82F581B00BEB700CC3D19 /* DNSSwipeableCell.m */; };
/* End PBXBuildFile section */

/* Begin PBXContainerItemProxy section */
		749BB6DD1AB767010071A98E /* PBXContainerItemProxy */ = {
			isa = PBXContainerItemProxy;
			containerPortal = 749BB6BB1AB767010071A98E /* Project object */;
			proxyType = 1;
			remoteGlobalIDString = 749BB6C21AB767010071A98E;
			remoteInfo = hsking;
		};
/* End PBXContainerItemProxy section */

/* Begin PBXFileReference section */
		7402E0081ABE1928000BAB26 /* WalkthroughViewController.h */ = {isa = PBXFileReference; fileEncoding = 4; lastKnownFileType = sourcecode.c.h; path = WalkthroughViewController.h; sourceTree = "<group>"; };
		7402E0091ABE1928000BAB26 /* WalkthroughViewController.m */ = {isa = PBXFileReference; fileEncoding = 4; lastKnownFileType = sourcecode.c.objc; path = WalkthroughViewController.m; sourceTree = "<group>"; };
		7402E00A1ABE1928000BAB26 /* WalkthroughPageViewController.h */ = {isa = PBXFileReference; fileEncoding = 4; lastKnownFileType = sourcecode.c.h; path = WalkthroughPageViewController.h; sourceTree = "<group>"; };
		7402E00B1ABE1928000BAB26 /* WalkthroughPageViewController.m */ = {isa = PBXFileReference; fileEncoding = 4; lastKnownFileType = sourcecode.c.objc; path = WalkthroughPageViewController.m; sourceTree = "<group>"; };
		7402E00C1ABE1928000BAB26 /* ContentViewController.h */ = {isa = PBXFileReference; fileEncoding = 4; lastKnownFileType = sourcecode.c.h; path = ContentViewController.h; sourceTree = "<group>"; };
		7402E00D1ABE1928000BAB26 /* ContentViewController.m */ = {isa = PBXFileReference; fileEncoding = 4; lastKnownFileType = sourcecode.c.objc; path = ContentViewController.m; sourceTree = "<group>"; };
		7402E0121ABE1944000BAB26 /* Walkthrough.storyboard */ = {isa = PBXFileReference; fileEncoding = 4; lastKnownFileType = file.storyboard; path = Walkthrough.storyboard; sourceTree = "<group>"; };
		7402E0141ABE197A000BAB26 /* RIButtonItem.h */ = {isa = PBXFileReference; fileEncoding = 4; lastKnownFileType = sourcecode.c.h; path = RIButtonItem.h; sourceTree = "<group>"; };
		7402E0151ABE197A000BAB26 /* RIButtonItem.m */ = {isa = PBXFileReference; fileEncoding = 4; lastKnownFileType = sourcecode.c.objc; path = RIButtonItem.m; sourceTree = "<group>"; };
		7402E0161ABE197A000BAB26 /* UIActionSheet+Blocks.h */ = {isa = PBXFileReference; fileEncoding = 4; lastKnownFileType = sourcecode.c.h; path = "UIActionSheet+Blocks.h"; sourceTree = "<group>"; };
		7402E0171ABE197A000BAB26 /* UIActionSheet+Blocks.m */ = {isa = PBXFileReference; fileEncoding = 4; lastKnownFileType = sourcecode.c.objc; path = "UIActionSheet+Blocks.m"; sourceTree = "<group>"; };
		7402E0181ABE197A000BAB26 /* UIAlertView+Blocks.h */ = {isa = PBXFileReference; fileEncoding = 4; lastKnownFileType = sourcecode.c.h; path = "UIAlertView+Blocks.h"; sourceTree = "<group>"; };
		7402E0191ABE197A000BAB26 /* UIAlertView+Blocks.m */ = {isa = PBXFileReference; fileEncoding = 4; lastKnownFileType = sourcecode.c.objc; path = "UIAlertView+Blocks.m"; sourceTree = "<group>"; };
		7402E0201ABE19BB000BAB26 /* MBProgressHUD.h */ = {isa = PBXFileReference; fileEncoding = 4; lastKnownFileType = sourcecode.c.h; path = MBProgressHUD.h; sourceTree = "<group>"; };
		7402E0211ABE19BB000BAB26 /* MBProgressHUD.m */ = {isa = PBXFileReference; fileEncoding = 4; lastKnownFileType = sourcecode.c.objc; path = MBProgressHUD.m; sourceTree = "<group>"; };
		7402E0241ABE1A00000BAB26 /* HelveticaNeueCyr-Black.otf */ = {isa = PBXFileReference; lastKnownFileType = file; path = "HelveticaNeueCyr-Black.otf"; sourceTree = "<group>"; };
		7402E0251ABE1A00000BAB26 /* HelveticaNeueCyr-BlackItalic.otf */ = {isa = PBXFileReference; lastKnownFileType = file; path = "HelveticaNeueCyr-BlackItalic.otf"; sourceTree = "<group>"; };
		7402E0261ABE1A00000BAB26 /* HelveticaNeueCyr-Bold.otf */ = {isa = PBXFileReference; lastKnownFileType = file; path = "HelveticaNeueCyr-Bold.otf"; sourceTree = "<group>"; };
		7402E0271ABE1A00000BAB26 /* HelveticaNeueCyr-BoldItalic.otf */ = {isa = PBXFileReference; lastKnownFileType = file; path = "HelveticaNeueCyr-BoldItalic.otf"; sourceTree = "<group>"; };
		7402E0281ABE1A00000BAB26 /* HelveticaNeueCyr-Italic.otf */ = {isa = PBXFileReference; lastKnownFileType = file; path = "HelveticaNeueCyr-Italic.otf"; sourceTree = "<group>"; };
		7402E0291ABE1A00000BAB26 /* HelveticaNeueCyr-Light.otf */ = {isa = PBXFileReference; lastKnownFileType = file; path = "HelveticaNeueCyr-Light.otf"; sourceTree = "<group>"; };
		7402E02A1ABE1A00000BAB26 /* HelveticaNeueCyr-LightItalic.otf */ = {isa = PBXFileReference; lastKnownFileType = file; path = "HelveticaNeueCyr-LightItalic.otf"; sourceTree = "<group>"; };
		7402E02B1ABE1A00000BAB26 /* HelveticaNeueCyr-Medium.otf */ = {isa = PBXFileReference; lastKnownFileType = file; path = "HelveticaNeueCyr-Medium.otf"; sourceTree = "<group>"; };
		7402E02C1ABE1A00000BAB26 /* HelveticaNeueCyr-Roman.otf */ = {isa = PBXFileReference; lastKnownFileType = file; path = "HelveticaNeueCyr-Roman.otf"; sourceTree = "<group>"; };
		7402E02D1ABE1A00000BAB26 /* HelveticaNeueCyr-Thin.otf */ = {isa = PBXFileReference; lastKnownFileType = file; path = "HelveticaNeueCyr-Thin.otf"; sourceTree = "<group>"; };
		7402E02E1ABE1A00000BAB26 /* HelveticaNeueCyr-ThinItalic.otf */ = {isa = PBXFileReference; lastKnownFileType = file; path = "HelveticaNeueCyr-ThinItalic.otf"; sourceTree = "<group>"; };
		7402E02F1ABE1A00000BAB26 /* HelveticaNeueCyr-UltraLight_0.otf */ = {isa = PBXFileReference; lastKnownFileType = file; path = "HelveticaNeueCyr-UltraLight_0.otf"; sourceTree = "<group>"; };
		7402E0301ABE1A00000BAB26 /* HelveticaNeueCyr-UltraLightItalic.otf */ = {isa = PBXFileReference; lastKnownFileType = file; path = "HelveticaNeueCyr-UltraLightItalic.otf"; sourceTree = "<group>"; };
		7402E0311ABE1A00000BAB26 /* Ubuntu-B.ttf */ = {isa = PBXFileReference; lastKnownFileType = file; path = "Ubuntu-B.ttf"; sourceTree = "<group>"; };
		7402E0321ABE1A00000BAB26 /* Ubuntu-BI.ttf */ = {isa = PBXFileReference; lastKnownFileType = file; path = "Ubuntu-BI.ttf"; sourceTree = "<group>"; };
		7402E0331ABE1A00000BAB26 /* Ubuntu-C.ttf */ = {isa = PBXFileReference; lastKnownFileType = file; path = "Ubuntu-C.ttf"; sourceTree = "<group>"; };
		7402E0341ABE1A00000BAB26 /* Ubuntu-L.ttf */ = {isa = PBXFileReference; lastKnownFileType = file; path = "Ubuntu-L.ttf"; sourceTree = "<group>"; };
		7402E0351ABE1A00000BAB26 /* Ubuntu-LI.ttf */ = {isa = PBXFileReference; lastKnownFileType = file; path = "Ubuntu-LI.ttf"; sourceTree = "<group>"; };
		7402E0361ABE1A00000BAB26 /* Ubuntu-R.ttf */ = {isa = PBXFileReference; lastKnownFileType = file; path = "Ubuntu-R.ttf"; sourceTree = "<group>"; };
		7402E0371ABE1A00000BAB26 /* Ubuntu-M.ttf */ = {isa = PBXFileReference; lastKnownFileType = file; path = "Ubuntu-M.ttf"; sourceTree = "<group>"; };
		7402E0381ABE1A00000BAB26 /* Ubuntu-MI.ttf */ = {isa = PBXFileReference; lastKnownFileType = file; path = "Ubuntu-MI.ttf"; sourceTree = "<group>"; };
		7402E0391ABE1A00000BAB26 /* Ubuntu-R.ttf */ = {isa = PBXFileReference; lastKnownFileType = file; path = "Ubuntu-R.ttf"; sourceTree = "<group>"; };
		7402E03A1ABE1A00000BAB26 /* Ubuntu-RI.ttf */ = {isa = PBXFileReference; lastKnownFileType = file; path = "Ubuntu-RI.ttf"; sourceTree = "<group>"; };
		7402E03B1ABE1A00000BAB26 /* UbuntuMono-B.ttf */ = {isa = PBXFileReference; lastKnownFileType = file; path = "UbuntuMono-B.ttf"; sourceTree = "<group>"; };
		7402E03C1ABE1A00000BAB26 /* UbuntuMono-BI.ttf */ = {isa = PBXFileReference; lastKnownFileType = file; path = "UbuntuMono-BI.ttf"; sourceTree = "<group>"; };
		7402E03D1ABE1A00000BAB26 /* UbuntuMono-R.ttf */ = {isa = PBXFileReference; lastKnownFileType = file; path = "UbuntuMono-R.ttf"; sourceTree = "<group>"; };
		7402E03E1ABE1A00000BAB26 /* UbuntuMono-RI.ttf */ = {isa = PBXFileReference; lastKnownFileType = file; path = "UbuntuMono-RI.ttf"; sourceTree = "<group>"; };
		7402E03F1ABE1A00000BAB26 /* Calibri.ttf */ = {isa = PBXFileReference; lastKnownFileType = file; path = Calibri.ttf; sourceTree = "<group>"; };
		7413525E1AF63C5A0071D950 /* HSGradientedView.h */ = {isa = PBXFileReference; fileEncoding = 4; lastKnownFileType = sourcecode.c.h; path = HSGradientedView.h; sourceTree = "<group>"; };
		7413525F1AF63C5A0071D950 /* HSGradientedView.m */ = {isa = PBXFileReference; fileEncoding = 4; lastKnownFileType = sourcecode.c.objc; path = HSGradientedView.m; sourceTree = "<group>"; };
		741352611AF640AC0071D950 /* HSFeedViewController.h */ = {isa = PBXFileReference; fileEncoding = 4; lastKnownFileType = sourcecode.c.h; path = HSFeedViewController.h; sourceTree = "<group>"; };
		741352621AF640AC0071D950 /* HSFeedViewController.m */ = {isa = PBXFileReference; fileEncoding = 4; lastKnownFileType = sourcecode.c.objc; path = HSFeedViewController.m; sourceTree = "<group>"; };
		741352671AF671860071D950 /* ru */ = {isa = PBXFileReference; lastKnownFileType = text.plist.strings; name = ru; path = ru.lproj/Main.strings; sourceTree = "<group>"; };
		741352681AF671860071D950 /* ru */ = {isa = PBXFileReference; lastKnownFileType = text.plist.strings; name = ru; path = ru.lproj/LaunchScreen.strings; sourceTree = "<group>"; };
		7413526A1AF69C960071D950 /* Fabric.framework */ = {isa = PBXFileReference; lastKnownFileType = wrapper.framework; path = Fabric.framework; sourceTree = SOURCE_ROOT; };
		7413526B1AF69C960071D950 /* Crashlytics.framework */ = {isa = PBXFileReference; lastKnownFileType = wrapper.framework; path = Crashlytics.framework; sourceTree = SOURCE_ROOT; };
		744376511AC1B8560085A2C3 /* HSAuthManager.h */ = {isa = PBXFileReference; fileEncoding = 4; lastKnownFileType = sourcecode.c.h; path = HSAuthManager.h; sourceTree = "<group>"; };
		744376521AC1B8560085A2C3 /* HSAuthManager.m */ = {isa = PBXFileReference; fileEncoding = 4; lastKnownFileType = sourcecode.c.objc; path = HSAuthManager.m; sourceTree = "<group>"; };
		744376541AC1B87D0085A2C3 /* PrefixHeader.pch */ = {isa = PBXFileReference; fileEncoding = 4; lastKnownFileType = sourcecode.c.h; name = PrefixHeader.pch; path = ../PrefixHeader.pch; sourceTree = "<group>"; };
		744376551AC1B8C20085A2C3 /* HSConstants.h */ = {isa = PBXFileReference; fileEncoding = 4; lastKnownFileType = sourcecode.c.h; path = HSConstants.h; sourceTree = "<group>"; };
		7443765B1AC2223B0085A2C3 /* FAImageView.h */ = {isa = PBXFileReference; fileEncoding = 4; lastKnownFileType = sourcecode.c.h; path = FAImageView.h; sourceTree = "<group>"; };
		7443765C1AC2223B0085A2C3 /* FAImageView.m */ = {isa = PBXFileReference; fileEncoding = 4; lastKnownFileType = sourcecode.c.objc; path = FAImageView.m; sourceTree = "<group>"; };
		7443765D1AC2223B0085A2C3 /* NSString+FontAwesome.h */ = {isa = PBXFileReference; fileEncoding = 4; lastKnownFileType = sourcecode.c.h; path = "NSString+FontAwesome.h"; sourceTree = "<group>"; };
		7443765E1AC2223B0085A2C3 /* NSString+FontAwesome.m */ = {isa = PBXFileReference; fileEncoding = 4; lastKnownFileType = sourcecode.c.objc; path = "NSString+FontAwesome.m"; sourceTree = "<group>"; };
		7443765F1AC2223B0085A2C3 /* UIFont+FontAwesome.h */ = {isa = PBXFileReference; fileEncoding = 4; lastKnownFileType = sourcecode.c.h; path = "UIFont+FontAwesome.h"; sourceTree = "<group>"; };
		744376601AC2223B0085A2C3 /* UIFont+FontAwesome.m */ = {isa = PBXFileReference; fileEncoding = 4; lastKnownFileType = sourcecode.c.objc; path = "UIFont+FontAwesome.m"; sourceTree = "<group>"; };
		744376641AC222440085A2C3 /* FontAwesome.ttf */ = {isa = PBXFileReference; lastKnownFileType = file; path = FontAwesome.ttf; sourceTree = "<group>"; };
		744376661AC2226A0085A2C3 /* HSContactController.h */ = {isa = PBXFileReference; fileEncoding = 4; lastKnownFileType = sourcecode.c.h; path = HSContactController.h; sourceTree = "<group>"; };
		744376671AC2226A0085A2C3 /* HSContactController.m */ = {isa = PBXFileReference; fileEncoding = 4; lastKnownFileType = sourcecode.c.objc; path = HSContactController.m; sourceTree = "<group>"; };
		7443766A1AC2228A0085A2C3 /* HSRoundedBtn.h */ = {isa = PBXFileReference; fileEncoding = 4; lastKnownFileType = sourcecode.c.h; path = HSRoundedBtn.h; sourceTree = "<group>"; };
		7443766B1AC2228A0085A2C3 /* HSRoundedBtn.m */ = {isa = PBXFileReference; fileEncoding = 4; lastKnownFileType = sourcecode.c.objc; path = HSRoundedBtn.m; sourceTree = "<group>"; };
		749BB6C31AB767010071A98E /* hsking.app */ = {isa = PBXFileReference; explicitFileType = wrapper.application; includeInIndex = 0; path = hsking.app; sourceTree = BUILT_PRODUCTS_DIR; };
		749BB6C71AB767010071A98E /* Info.plist */ = {isa = PBXFileReference; lastKnownFileType = text.plist.xml; path = Info.plist; sourceTree = "<group>"; };
		749BB6C81AB767010071A98E /* main.m */ = {isa = PBXFileReference; lastKnownFileType = sourcecode.c.objc; path = main.m; sourceTree = "<group>"; };
		749BB6CA1AB767010071A98E /* AppDelegate.h */ = {isa = PBXFileReference; lastKnownFileType = sourcecode.c.h; path = AppDelegate.h; sourceTree = "<group>"; };
		749BB6CB1AB767010071A98E /* AppDelegate.m */ = {isa = PBXFileReference; lastKnownFileType = sourcecode.c.objc; path = AppDelegate.m; sourceTree = "<group>"; };
		749BB6CD1AB767010071A98E /* HSHabbitsListController.h */ = {isa = PBXFileReference; lastKnownFileType = sourcecode.c.h; path = HSHabbitsListController.h; sourceTree = "<group>"; };
		749BB6CE1AB767010071A98E /* HSHabbitsListController.m */ = {isa = PBXFileReference; lastKnownFileType = sourcecode.c.objc; path = HSHabbitsListController.m; sourceTree = "<group>"; };
		749BB6D11AB767010071A98E /* Base */ = {isa = PBXFileReference; lastKnownFileType = file.storyboard; name = Base; path = Base.lproj/Main.storyboard; sourceTree = "<group>"; };
		749BB6D31AB767010071A98E /* Images.xcassets */ = {isa = PBXFileReference; lastKnownFileType = folder.assetcatalog; path = Images.xcassets; sourceTree = "<group>"; };
		749BB6D61AB767010071A98E /* Base */ = {isa = PBXFileReference; lastKnownFileType = file.xib; name = Base; path = Base.lproj/LaunchScreen.xib; sourceTree = "<group>"; };
		749BB6DC1AB767010071A98E /* hskingTests.xctest */ = {isa = PBXFileReference; explicitFileType = wrapper.cfbundle; includeInIndex = 0; path = hskingTests.xctest; sourceTree = BUILT_PRODUCTS_DIR; };
		749BB6E11AB767010071A98E /* Info.plist */ = {isa = PBXFileReference; lastKnownFileType = text.plist.xml; path = Info.plist; sourceTree = "<group>"; };
		749BB6E21AB767010071A98E /* hskingTests.m */ = {isa = PBXFileReference; lastKnownFileType = sourcecode.c.objc; path = hskingTests.m; sourceTree = "<group>"; };
		74ACE29F1AC2A65400921D62 /* NSMutableURLRequest+MultipartForm.h */ = {isa = PBXFileReference; fileEncoding = 4; lastKnownFileType = sourcecode.c.h; path = "NSMutableURLRequest+MultipartForm.h"; sourceTree = "<group>"; };
		74ACE2A01AC2A65400921D62 /* NSMutableURLRequest+MultipartForm.m */ = {isa = PBXFileReference; fileEncoding = 4; lastKnownFileType = sourcecode.c.objc; path = "NSMutableURLRequest+MultipartForm.m"; sourceTree = "<group>"; };
		74ACE2A21AC2A81900921D62 /* VMConnection.h */ = {isa = PBXFileReference; fileEncoding = 4; lastKnownFileType = sourcecode.c.h; path = VMConnection.h; sourceTree = "<group>"; };
		74ACE2A31AC2A81900921D62 /* VMConnection.m */ = {isa = PBXFileReference; fileEncoding = 4; lastKnownFileType = sourcecode.c.objc; path = VMConnection.m; sourceTree = "<group>"; };
		74ACE2A61AC2C31E00921D62 /* SSKeychain.h */ = {isa = PBXFileReference; fileEncoding = 4; lastKnownFileType = sourcecode.c.h; path = SSKeychain.h; sourceTree = "<group>"; };
		74ACE2A71AC2C31E00921D62 /* SSKeychain.m */ = {isa = PBXFileReference; fileEncoding = 4; lastKnownFileType = sourcecode.c.objc; path = SSKeychain.m; sourceTree = "<group>"; };
		74ACE2A81AC2C31E00921D62 /* SSKeychainQuery.h */ = {isa = PBXFileReference; fileEncoding = 4; lastKnownFileType = sourcecode.c.h; path = SSKeychainQuery.h; sourceTree = "<group>"; };
		74ACE2A91AC2C31E00921D62 /* SSKeychainQuery.m */ = {isa = PBXFileReference; fileEncoding = 4; lastKnownFileType = sourcecode.c.objc; path = SSKeychainQuery.m; sourceTree = "<group>"; };
		74ACE2AC1AC2C68100921D62 /* HSDataManager.h */ = {isa = PBXFileReference; fileEncoding = 4; lastKnownFileType = sourcecode.c.h; path = HSDataManager.h; sourceTree = "<group>"; };
		74ACE2AD1AC2C68100921D62 /* HSDataManager.m */ = {isa = PBXFileReference; fileEncoding = 4; lastKnownFileType = sourcecode.c.objc; path = HSDataManager.m; sourceTree = "<group>"; };
		74ACE2AF1AC2D5D300921D62 /* NSString+Size.h */ = {isa = PBXFileReference; fileEncoding = 4; lastKnownFileType = sourcecode.c.h; path = "NSString+Size.h"; sourceTree = "<group>"; };
		74ACE2B01AC2D5D300921D62 /* NSString+Size.m */ = {isa = PBXFileReference; fileEncoding = 4; lastKnownFileType = sourcecode.c.objc; path = "NSString+Size.m"; sourceTree = "<group>"; };
		74ACE2B31AC2D69700921D62 /* NSArray+WithoutNull.h */ = {isa = PBXFileReference; fileEncoding = 4; lastKnownFileType = sourcecode.c.h; path = "NSArray+WithoutNull.h"; sourceTree = "<group>"; };
		74ACE2B41AC2D69700921D62 /* NSArray+WithoutNull.m */ = {isa = PBXFileReference; fileEncoding = 4; lastKnownFileType = sourcecode.c.objc; path = "NSArray+WithoutNull.m"; sourceTree = "<group>"; };
		74ACE2B51AC2D69700921D62 /* NSDictionary+WithoutNull.h */ = {isa = PBXFileReference; fileEncoding = 4; lastKnownFileType = sourcecode.c.h; path = "NSDictionary+WithoutNull.h"; sourceTree = "<group>"; };
		74ACE2B61AC2D69700921D62 /* NSDictionary+WithoutNull.m */ = {isa = PBXFileReference; fileEncoding = 4; lastKnownFileType = sourcecode.c.objc; path = "NSDictionary+WithoutNull.m"; sourceTree = "<group>"; };
		74AE57521AC02029004FA900 /* PDDTopBtmLinedView.h */ = {isa = PBXFileReference; fileEncoding = 4; lastKnownFileType = sourcecode.c.h; path = PDDTopBtmLinedView.h; sourceTree = "<group>"; };
		74AE57531AC02029004FA900 /* PDDTopBtmLinedView.m */ = {isa = PBXFileReference; fileEncoding = 4; lastKnownFileType = sourcecode.c.objc; path = PDDTopBtmLinedView.m; sourceTree = "<group>"; };
		74AE57561AC02040004FA900 /* PDDTopLinedView.h */ = {isa = PBXFileReference; fileEncoding = 4; lastKnownFileType = sourcecode.c.h; path = PDDTopLinedView.h; sourceTree = "<group>"; };
		74AE57571AC02040004FA900 /* PDDTopLinedView.m */ = {isa = PBXFileReference; fileEncoding = 4; lastKnownFileType = sourcecode.c.objc; path = PDDTopLinedView.m; sourceTree = "<group>"; };
		74AE575A1AC02105004FA900 /* WBRequestManager.h */ = {isa = PBXFileReference; fileEncoding = 4; lastKnownFileType = sourcecode.c.h; path = WBRequestManager.h; sourceTree = "<group>"; };
		74AE575B1AC02105004FA900 /* WBRequestManager.m */ = {isa = PBXFileReference; fileEncoding = 4; lastKnownFileType = sourcecode.c.objc; path = WBRequestManager.m; sourceTree = "<group>"; };
		74AE575C1AC02105004FA900 /* NSError+WBKit.h */ = {isa = PBXFileReference; fileEncoding = 4; lastKnownFileType = sourcecode.c.h; path = "NSError+WBKit.h"; sourceTree = "<group>"; };
		74AE575D1AC02105004FA900 /* NSError+WBKit.m */ = {isa = PBXFileReference; fileEncoding = 4; lastKnownFileType = sourcecode.c.objc; path = "NSError+WBKit.m"; sourceTree = "<group>"; };
		74AE575E1AC02105004FA900 /* UIAlertView+NSError.h */ = {isa = PBXFileReference; fileEncoding = 4; lastKnownFileType = sourcecode.c.h; path = "UIAlertView+NSError.h"; sourceTree = "<group>"; };
		74AE575F1AC02105004FA900 /* UIAlertView+NSError.m */ = {isa = PBXFileReference; fileEncoding = 4; lastKnownFileType = sourcecode.c.objc; path = "UIAlertView+NSError.m"; sourceTree = "<group>"; };
		74AE57601AC02105004FA900 /* UIView+WBKit.h */ = {isa = PBXFileReference; fileEncoding = 4; lastKnownFileType = sourcecode.c.h; path = "UIView+WBKit.h"; sourceTree = "<group>"; };
		74AE57611AC02105004FA900 /* UIView+WBKit.m */ = {isa = PBXFileReference; fileEncoding = 4; lastKnownFileType = sourcecode.c.objc; path = "UIView+WBKit.m"; sourceTree = "<group>"; };
		74AE57621AC02105004FA900 /* WBInAppHelper.h */ = {isa = PBXFileReference; fileEncoding = 4; lastKnownFileType = sourcecode.c.h; path = WBInAppHelper.h; sourceTree = "<group>"; };
		74AE57631AC02105004FA900 /* WBInAppHelper.m */ = {isa = PBXFileReference; fileEncoding = 4; lastKnownFileType = sourcecode.c.objc; path = WBInAppHelper.m; sourceTree = "<group>"; };
		74AE57641AC02105004FA900 /* NSData+AES256.h */ = {isa = PBXFileReference; fileEncoding = 4; lastKnownFileType = sourcecode.c.h; path = "NSData+AES256.h"; sourceTree = "<group>"; };
		74AE57651AC02105004FA900 /* NSData+AES256.m */ = {isa = PBXFileReference; fileEncoding = 4; lastKnownFileType = sourcecode.c.objc; path = "NSData+AES256.m"; sourceTree = "<group>"; };
		74AE57661AC02105004FA900 /* UIViewController+WBKit.h */ = {isa = PBXFileReference; fileEncoding = 4; lastKnownFileType = sourcecode.c.h; path = "UIViewController+WBKit.h"; sourceTree = "<group>"; };
		74AE57671AC02105004FA900 /* UIViewController+WBKit.m */ = {isa = PBXFileReference; fileEncoding = 4; lastKnownFileType = sourcecode.c.objc; path = "UIViewController+WBKit.m"; sourceTree = "<group>"; };
		74AE57681AC02105004FA900 /* NSString+WBKit.h */ = {isa = PBXFileReference; fileEncoding = 4; lastKnownFileType = sourcecode.c.h; path = "NSString+WBKit.h"; sourceTree = "<group>"; };
		74AE57691AC02105004FA900 /* NSString+WBKit.m */ = {isa = PBXFileReference; fileEncoding = 4; lastKnownFileType = sourcecode.c.objc; path = "NSString+WBKit.m"; sourceTree = "<group>"; };
		74AE576A1AC02105004FA900 /* UIImage+WBKit.h */ = {isa = PBXFileReference; fileEncoding = 4; lastKnownFileType = sourcecode.c.h; path = "UIImage+WBKit.h"; sourceTree = "<group>"; };
		74AE576B1AC02105004FA900 /* UIImage+WBKit.m */ = {isa = PBXFileReference; fileEncoding = 4; lastKnownFileType = sourcecode.c.objc; path = "UIImage+WBKit.m"; sourceTree = "<group>"; };
		74AE57761AC0211E004FA900 /* Auth.storyboard */ = {isa = PBXFileReference; fileEncoding = 4; lastKnownFileType = file.storyboard; path = Auth.storyboard; sourceTree = "<group>"; };
		74AE57781AC02136004FA900 /* RegistrationViewController.h */ = {isa = PBXFileReference; fileEncoding = 4; lastKnownFileType = sourcecode.c.h; path = RegistrationViewController.h; sourceTree = "<group>"; };
		74AE57791AC02136004FA900 /* RegistrationViewController.m */ = {isa = PBXFileReference; fileEncoding = 4; lastKnownFileType = sourcecode.c.objc; path = RegistrationViewController.m; sourceTree = "<group>"; };
		74AE577C1AC02194004FA900 /* hsking-Bridging-Header.h */ = {isa = PBXFileReference; lastKnownFileType = sourcecode.c.h; path = "hsking-Bridging-Header.h"; sourceTree = "<group>"; };
		74AE57881AC02195004FA900 /* KeyboardLayoutConstraint.swift */ = {isa = PBXFileReference; fileEncoding = 4; lastKnownFileType = sourcecode.swift; path = KeyboardLayoutConstraint.swift; sourceTree = "<group>"; };
		74AE57AD1AC0232E004FA900 /* TPHalfPixelConstraint.h */ = {isa = PBXFileReference; fileEncoding = 4; lastKnownFileType = sourcecode.c.h; path = TPHalfPixelConstraint.h; sourceTree = "<group>"; };
		74AE57AE1AC0232E004FA900 /* TPHalfPixelConstraint.m */ = {isa = PBXFileReference; fileEncoding = 4; lastKnownFileType = sourcecode.c.objc; path = TPHalfPixelConstraint.m; sourceTree = "<group>"; };
		74AE57B21AC02ABD004FA900 /* UIView+Shake.h */ = {isa = PBXFileReference; fileEncoding = 4; lastKnownFileType = sourcecode.c.h; path = "UIView+Shake.h"; sourceTree = "<group>"; };
		74AE57B31AC02ABD004FA900 /* UIView+Shake.m */ = {isa = PBXFileReference; fileEncoding = 4; lastKnownFileType = sourcecode.c.objc; path = "UIView+Shake.m"; sourceTree = "<group>"; };
		74B4E5F51AC6191800FFB1CF /* HSHabbitViewController.h */ = {isa = PBXFileReference; fileEncoding = 4; lastKnownFileType = sourcecode.c.h; path = HSHabbitViewController.h; sourceTree = "<group>"; };
		74B4E5F61AC6191800FFB1CF /* HSHabbitViewController.m */ = {isa = PBXFileReference; fileEncoding = 4; lastKnownFileType = sourcecode.c.objc; path = HSHabbitViewController.m; sourceTree = "<group>"; };
		74B4E5F91AC61B7A00FFB1CF /* BFPaperButton.h */ = {isa = PBXFileReference; fileEncoding = 4; lastKnownFileType = sourcecode.c.h; path = BFPaperButton.h; sourceTree = "<group>"; };
		74B4E5FA1AC61B7A00FFB1CF /* BFPaperButton.m */ = {isa = PBXFileReference; fileEncoding = 4; lastKnownFileType = sourcecode.c.objc; path = BFPaperButton.m; sourceTree = "<group>"; };
		74B4E5FC1AC61B8700FFB1CF /* UIColor+BFPaperColors.h */ = {isa = PBXFileReference; fileEncoding = 4; lastKnownFileType = sourcecode.c.h; path = "UIColor+BFPaperColors.h"; sourceTree = "<group>"; };
		74B4E5FD1AC61B8700FFB1CF /* UIColor+BFPaperColors.m */ = {isa = PBXFileReference; fileEncoding = 4; lastKnownFileType = sourcecode.c.objc; path = "UIColor+BFPaperColors.m"; sourceTree = "<group>"; };
		74B4E5FF1AC61FC800FFB1CF /* BFPaperTabBarController.h */ = {isa = PBXFileReference; fileEncoding = 4; lastKnownFileType = sourcecode.c.h; path = BFPaperTabBarController.h; sourceTree = "<group>"; };
		74B4E6001AC61FC800FFB1CF /* BFPaperTabBarController.m */ = {isa = PBXFileReference; fileEncoding = 4; lastKnownFileType = sourcecode.c.objc; path = BFPaperTabBarController.m; sourceTree = "<group>"; };
		74B4E6021AC6200C00FFB1CF /* BFPaperTableViewCell.h */ = {isa = PBXFileReference; fileEncoding = 4; lastKnownFileType = sourcecode.c.h; path = BFPaperTableViewCell.h; sourceTree = "<group>"; };
		74B4E6031AC6200C00FFB1CF /* BFPaperTableViewCell.m */ = {isa = PBXFileReference; fileEncoding = 4; lastKnownFileType = sourcecode.c.objc; path = BFPaperTableViewCell.m; sourceTree = "<group>"; };
		74BFECFC1AF5EB7F00FFD72E /* UIColor+HEX.h */ = {isa = PBXFileReference; fileEncoding = 4; lastKnownFileType = sourcecode.c.h; path = "UIColor+HEX.h"; sourceTree = "<group>"; };
		74BFECFD1AF5EB7F00FFD72E /* UIColor+HEX.m */ = {isa = PBXFileReference; fileEncoding = 4; lastKnownFileType = sourcecode.c.objc; path = "UIColor+HEX.m"; sourceTree = "<group>"; };
		74BFECFF1AF5EBF600FFD72E /* NSData+ImageContentType.h */ = {isa = PBXFileReference; fileEncoding = 4; lastKnownFileType = sourcecode.c.h; path = "NSData+ImageContentType.h"; sourceTree = "<group>"; };
		74BFED001AF5EBF600FFD72E /* NSData+ImageContentType.m */ = {isa = PBXFileReference; fileEncoding = 4; lastKnownFileType = sourcecode.c.objc; path = "NSData+ImageContentType.m"; sourceTree = "<group>"; };
		74BFED011AF5EBF600FFD72E /* SDImageCache.h */ = {isa = PBXFileReference; fileEncoding = 4; lastKnownFileType = sourcecode.c.h; path = SDImageCache.h; sourceTree = "<group>"; };
		74BFED021AF5EBF600FFD72E /* SDImageCache.m */ = {isa = PBXFileReference; fileEncoding = 4; lastKnownFileType = sourcecode.c.objc; path = SDImageCache.m; sourceTree = "<group>"; };
		74BFED031AF5EBF600FFD72E /* SDWebImageCompat.h */ = {isa = PBXFileReference; fileEncoding = 4; lastKnownFileType = sourcecode.c.h; path = SDWebImageCompat.h; sourceTree = "<group>"; };
		74BFED041AF5EBF600FFD72E /* SDWebImageCompat.m */ = {isa = PBXFileReference; fileEncoding = 4; lastKnownFileType = sourcecode.c.objc; path = SDWebImageCompat.m; sourceTree = "<group>"; };
		74BFED051AF5EBF600FFD72E /* SDWebImageDecoder.h */ = {isa = PBXFileReference; fileEncoding = 4; lastKnownFileType = sourcecode.c.h; path = SDWebImageDecoder.h; sourceTree = "<group>"; };
		74BFED061AF5EBF600FFD72E /* SDWebImageDecoder.m */ = {isa = PBXFileReference; fileEncoding = 4; lastKnownFileType = sourcecode.c.objc; path = SDWebImageDecoder.m; sourceTree = "<group>"; };
		74BFED071AF5EBF600FFD72E /* SDWebImageDownloader.h */ = {isa = PBXFileReference; fileEncoding = 4; lastKnownFileType = sourcecode.c.h; path = SDWebImageDownloader.h; sourceTree = "<group>"; };
		74BFED081AF5EBF600FFD72E /* SDWebImageDownloader.m */ = {isa = PBXFileReference; fileEncoding = 4; lastKnownFileType = sourcecode.c.objc; path = SDWebImageDownloader.m; sourceTree = "<group>"; };
		74BFED091AF5EBF600FFD72E /* SDWebImageDownloaderOperation.h */ = {isa = PBXFileReference; fileEncoding = 4; lastKnownFileType = sourcecode.c.h; path = SDWebImageDownloaderOperation.h; sourceTree = "<group>"; };
		74BFED0A1AF5EBF600FFD72E /* SDWebImageDownloaderOperation.m */ = {isa = PBXFileReference; fileEncoding = 4; lastKnownFileType = sourcecode.c.objc; path = SDWebImageDownloaderOperation.m; sourceTree = "<group>"; };
		74BFED0B1AF5EBF600FFD72E /* SDWebImageManager.h */ = {isa = PBXFileReference; fileEncoding = 4; lastKnownFileType = sourcecode.c.h; path = SDWebImageManager.h; sourceTree = "<group>"; };
		74BFED0C1AF5EBF600FFD72E /* SDWebImageManager.m */ = {isa = PBXFileReference; fileEncoding = 4; lastKnownFileType = sourcecode.c.objc; path = SDWebImageManager.m; sourceTree = "<group>"; };
		74BFED0D1AF5EBF600FFD72E /* SDWebImageOperation.h */ = {isa = PBXFileReference; fileEncoding = 4; lastKnownFileType = sourcecode.c.h; path = SDWebImageOperation.h; sourceTree = "<group>"; };
		74BFED0E1AF5EBF600FFD72E /* SDWebImagePrefetcher.h */ = {isa = PBXFileReference; fileEncoding = 4; lastKnownFileType = sourcecode.c.h; path = SDWebImagePrefetcher.h; sourceTree = "<group>"; };
		74BFED0F1AF5EBF600FFD72E /* SDWebImagePrefetcher.m */ = {isa = PBXFileReference; fileEncoding = 4; lastKnownFileType = sourcecode.c.objc; path = SDWebImagePrefetcher.m; sourceTree = "<group>"; };
		74BFED101AF5EBF600FFD72E /* UIButton+WebCache.h */ = {isa = PBXFileReference; fileEncoding = 4; lastKnownFileType = sourcecode.c.h; path = "UIButton+WebCache.h"; sourceTree = "<group>"; };
		74BFED111AF5EBF600FFD72E /* UIButton+WebCache.m */ = {isa = PBXFileReference; fileEncoding = 4; lastKnownFileType = sourcecode.c.objc; path = "UIButton+WebCache.m"; sourceTree = "<group>"; };
		74BFED121AF5EBF600FFD72E /* UIImage+GIF.h */ = {isa = PBXFileReference; fileEncoding = 4; lastKnownFileType = sourcecode.c.h; path = "UIImage+GIF.h"; sourceTree = "<group>"; };
		74BFED131AF5EBF600FFD72E /* UIImage+GIF.m */ = {isa = PBXFileReference; fileEncoding = 4; lastKnownFileType = sourcecode.c.objc; path = "UIImage+GIF.m"; sourceTree = "<group>"; };
		74BFED141AF5EBF600FFD72E /* UIImage+MultiFormat.h */ = {isa = PBXFileReference; fileEncoding = 4; lastKnownFileType = sourcecode.c.h; path = "UIImage+MultiFormat.h"; sourceTree = "<group>"; };
		74BFED151AF5EBF600FFD72E /* UIImage+MultiFormat.m */ = {isa = PBXFileReference; fileEncoding = 4; lastKnownFileType = sourcecode.c.objc; path = "UIImage+MultiFormat.m"; sourceTree = "<group>"; };
		74BFED161AF5EBF600FFD72E /* UIImage+WebP.h */ = {isa = PBXFileReference; fileEncoding = 4; lastKnownFileType = sourcecode.c.h; path = "UIImage+WebP.h"; sourceTree = "<group>"; };
		74BFED171AF5EBF600FFD72E /* UIImage+WebP.m */ = {isa = PBXFileReference; fileEncoding = 4; lastKnownFileType = sourcecode.c.objc; path = "UIImage+WebP.m"; sourceTree = "<group>"; };
		74BFED181AF5EBF600FFD72E /* UIImageView+HighlightedWebCache.h */ = {isa = PBXFileReference; fileEncoding = 4; lastKnownFileType = sourcecode.c.h; path = "UIImageView+HighlightedWebCache.h"; sourceTree = "<group>"; };
		74BFED191AF5EBF600FFD72E /* UIImageView+HighlightedWebCache.m */ = {isa = PBXFileReference; fileEncoding = 4; lastKnownFileType = sourcecode.c.objc; path = "UIImageView+HighlightedWebCache.m"; sourceTree = "<group>"; };
		74BFED1A1AF5EBF600FFD72E /* UIImageView+WebCache.h */ = {isa = PBXFileReference; fileEncoding = 4; lastKnownFileType = sourcecode.c.h; path = "UIImageView+WebCache.h"; sourceTree = "<group>"; };
		74BFED1B1AF5EBF600FFD72E /* UIImageView+WebCache.m */ = {isa = PBXFileReference; fileEncoding = 4; lastKnownFileType = sourcecode.c.objc; path = "UIImageView+WebCache.m"; sourceTree = "<group>"; };
		74BFED1C1AF5EBF600FFD72E /* UIView+WebCacheOperation.h */ = {isa = PBXFileReference; fileEncoding = 4; lastKnownFileType = sourcecode.c.h; path = "UIView+WebCacheOperation.h"; sourceTree = "<group>"; };
		74BFED1D1AF5EBF600FFD72E /* UIView+WebCacheOperation.m */ = {isa = PBXFileReference; fileEncoding = 4; lastKnownFileType = sourcecode.c.objc; path = "UIView+WebCacheOperation.m"; sourceTree = "<group>"; };
		74BFED2E1AF5F78500FFD72E /* HSWebViewController.h */ = {isa = PBXFileReference; fileEncoding = 4; lastKnownFileType = sourcecode.c.h; path = HSWebViewController.h; sourceTree = "<group>"; };
		74BFED2F1AF5F78500FFD72E /* HSWebViewController.m */ = {isa = PBXFileReference; fileEncoding = 4; lastKnownFileType = sourcecode.c.objc; path = HSWebViewController.m; sourceTree = "<group>"; };
		74BFED311AF604C600FFD72E /* HSMineManager.h */ = {isa = PBXFileReference; fileEncoding = 4; lastKnownFileType = sourcecode.c.h; path = HSMineManager.h; sourceTree = "<group>"; };
		74BFED321AF604C600FFD72E /* HSMineManager.m */ = {isa = PBXFileReference; fileEncoding = 4; lastKnownFileType = sourcecode.c.objc; path = HSMineManager.m; sourceTree = "<group>"; };
		74BFED341AF60D7500FFD72E /* HSHabbitSettingsController.h */ = {isa = PBXFileReference; fileEncoding = 4; lastKnownFileType = sourcecode.c.h; path = HSHabbitSettingsController.h; sourceTree = "<group>"; };
		74BFED351AF60D7500FFD72E /* HSHabbitSettingsController.m */ = {isa = PBXFileReference; fileEncoding = 4; lastKnownFileType = sourcecode.c.objc; path = HSHabbitSettingsController.m; sourceTree = "<group>"; };
		74BFED371AF60F7A00FFD72E /* HSScheduleManager.h */ = {isa = PBXFileReference; fileEncoding = 4; lastKnownFileType = sourcecode.c.h; path = HSScheduleManager.h; sourceTree = "<group>"; };
		74BFED381AF60F7A00FFD72E /* HSScheduleManager.m */ = {isa = PBXFileReference; fileEncoding = 4; lastKnownFileType = sourcecode.c.objc; path = HSScheduleManager.m; sourceTree = "<group>"; };
		74BFED3A1AF60F8A00FFD72E /* HSActivityManager.h */ = {isa = PBXFileReference; fileEncoding = 4; lastKnownFileType = sourcecode.c.h; path = HSActivityManager.h; sourceTree = "<group>"; };
		74BFED3B1AF60F8A00FFD72E /* HSActivityManager.m */ = {isa = PBXFileReference; fileEncoding = 4; lastKnownFileType = sourcecode.c.objc; path = HSActivityManager.m; sourceTree = "<group>"; };
		74BFED3D1AF610EB00FFD72E /* HSSelectorViewController.h */ = {isa = PBXFileReference; fileEncoding = 4; lastKnownFileType = sourcecode.c.h; path = HSSelectorViewController.h; sourceTree = "<group>"; };
		74BFED3E1AF610EB00FFD72E /* HSSelectorViewController.m */ = {isa = PBXFileReference; fileEncoding = 4; lastKnownFileType = sourcecode.c.objc; path = HSSelectorViewController.m; sourceTree = "<group>"; };
		74BFED401AF6176600FFD72E /* headerMain.xib */ = {isa = PBXFileReference; fileEncoding = 4; lastKnownFileType = file.xib; path = headerMain.xib; sourceTree = "<group>"; };
		74E82F1B1B0092B800CC3D19 /* UIViewController+Utils.h */ = {isa = PBXFileReference; fileEncoding = 4; lastKnownFileType = sourcecode.c.h; path = "UIViewController+Utils.h"; sourceTree = "<group>"; };
		74E82F1C1B0092B800CC3D19 /* UIViewController+Utils.m */ = {isa = PBXFileReference; fileEncoding = 4; lastKnownFileType = sourcecode.c.objc; path = "UIViewController+Utils.m"; sourceTree = "<group>"; };
		74E82F201B00AE7F00CC3D19 /* TSBlurView.h */ = {isa = PBXFileReference; fileEncoding = 4; lastKnownFileType = sourcecode.c.h; path = TSBlurView.h; sourceTree = "<group>"; };
		74E82F211B00AE7F00CC3D19 /* TSBlurView.m */ = {isa = PBXFileReference; fileEncoding = 4; lastKnownFileType = sourcecode.c.objc; path = TSBlurView.m; sourceTree = "<group>"; };
		74E82F221B00AE7F00CC3D19 /* TSMessage.h */ = {isa = PBXFileReference; fileEncoding = 4; lastKnownFileType = sourcecode.c.h; path = TSMessage.h; sourceTree = "<group>"; };
		74E82F231B00AE7F00CC3D19 /* TSMessage.m */ = {isa = PBXFileReference; fileEncoding = 4; lastKnownFileType = sourcecode.c.objc; path = TSMessage.m; sourceTree = "<group>"; };
		74E82F241B00AE7F00CC3D19 /* TSMessageView.h */ = {isa = PBXFileReference; fileEncoding = 4; lastKnownFileType = sourcecode.c.h; path = TSMessageView.h; sourceTree = "<group>"; };
		74E82F251B00AE7F00CC3D19 /* TSMessageView.m */ = {isa = PBXFileReference; fileEncoding = 4; lastKnownFileType = sourcecode.c.objc; path = TSMessageView.m; sourceTree = "<group>"; };
		74E82F291B00AE8800CC3D19 /* NotificationBackgroundError.png */ = {isa = PBXFileReference; lastKnownFileType = image.png; path = NotificationBackgroundError.png; sourceTree = "<group>"; };
		74E82F2A1B00AE8800CC3D19 /* NotificationBackgroundError@2x.png */ = {isa = PBXFileReference; lastKnownFileType = image.png; path = "NotificationBackgroundError@2x.png"; sourceTree = "<group>"; };
		74E82F2B1B00AE8800CC3D19 /* NotificationBackgroundErrorIcon.png */ = {isa = PBXFileReference; lastKnownFileType = image.png; path = NotificationBackgroundErrorIcon.png; sourceTree = "<group>"; };
		74E82F2C1B00AE8800CC3D19 /* NotificationBackgroundErrorIcon@2x.png */ = {isa = PBXFileReference; lastKnownFileType = image.png; path = "NotificationBackgroundErrorIcon@2x.png"; sourceTree = "<group>"; };
		74E82F2D1B00AE8800CC3D19 /* NotificationBackgroundMessage.png */ = {isa = PBXFileReference; lastKnownFileType = image.png; path = NotificationBackgroundMessage.png; sourceTree = "<group>"; };
		74E82F2E1B00AE8800CC3D19 /* NotificationBackgroundMessage@2x.png */ = {isa = PBXFileReference; lastKnownFileType = image.png; path = "NotificationBackgroundMessage@2x.png"; sourceTree = "<group>"; };
		74E82F2F1B00AE8800CC3D19 /* NotificationBackgroundSuccess.png */ = {isa = PBXFileReference; lastKnownFileType = image.png; path = NotificationBackgroundSuccess.png; sourceTree = "<group>"; };
		74E82F301B00AE8800CC3D19 /* NotificationBackgroundSuccess@2x.png */ = {isa = PBXFileReference; lastKnownFileType = image.png; path = "NotificationBackgroundSuccess@2x.png"; sourceTree = "<group>"; };
		74E82F311B00AE8800CC3D19 /* NotificationBackgroundSuccessIcon.png */ = {isa = PBXFileReference; lastKnownFileType = image.png; path = NotificationBackgroundSuccessIcon.png; sourceTree = "<group>"; };
		74E82F321B00AE8800CC3D19 /* NotificationBackgroundSuccessIcon@2x.png */ = {isa = PBXFileReference; lastKnownFileType = image.png; path = "NotificationBackgroundSuccessIcon@2x.png"; sourceTree = "<group>"; };
		74E82F331B00AE8800CC3D19 /* NotificationBackgroundWarning.png */ = {isa = PBXFileReference; lastKnownFileType = image.png; path = NotificationBackgroundWarning.png; sourceTree = "<group>"; };
		74E82F341B00AE8800CC3D19 /* NotificationBackgroundWarning@2x.png */ = {isa = PBXFileReference; lastKnownFileType = image.png; path = "NotificationBackgroundWarning@2x.png"; sourceTree = "<group>"; };
		74E82F351B00AE8800CC3D19 /* NotificationBackgroundWarningIcon.png */ = {isa = PBXFileReference; lastKnownFileType = image.png; path = NotificationBackgroundWarningIcon.png; sourceTree = "<group>"; };
		74E82F361B00AE8800CC3D19 /* NotificationBackgroundWarningIcon@2x.png */ = {isa = PBXFileReference; lastKnownFileType = image.png; path = "NotificationBackgroundWarningIcon@2x.png"; sourceTree = "<group>"; };
		74E82F371B00AE8800CC3D19 /* NotificationButtonBackground.png */ = {isa = PBXFileReference; lastKnownFileType = image.png; path = NotificationButtonBackground.png; sourceTree = "<group>"; };
		74E82F381B00AE8800CC3D19 /* NotificationButtonBackground@2x.png */ = {isa = PBXFileReference; lastKnownFileType = image.png; path = "NotificationButtonBackground@2x.png"; sourceTree = "<group>"; };
		74E82F4A1B00AEAC00CC3D19 /* HexColor.h */ = {isa = PBXFileReference; fileEncoding = 4; lastKnownFileType = sourcecode.c.h; path = HexColor.h; sourceTree = "<group>"; };
		74E82F4B1B00AEAC00CC3D19 /* HexColor.m */ = {isa = PBXFileReference; fileEncoding = 4; lastKnownFileType = sourcecode.c.objc; path = HexColor.m; sourceTree = "<group>"; };
		74E82F4D1B00B9EE00CC3D19 /* AlternativeDesign.json */ = {isa = PBXFileReference; fileEncoding = 4; lastKnownFileType = text.json; path = AlternativeDesign.json; sourceTree = "<group>"; };
		74E82F4F1B00BA3C00CC3D19 /* TSMessagesDefaultDesign.json */ = {isa = PBXFileReference; fileEncoding = 4; lastKnownFileType = text.json; path = TSMessagesDefaultDesign.json; sourceTree = "<group>"; };
		74E82F531B00BD0400CC3D19 /* HSProgressCell.h */ = {isa = PBXFileReference; fileEncoding = 4; lastKnownFileType = sourcecode.c.h; path = HSProgressCell.h; sourceTree = "<group>"; };
		74E82F541B00BD0400CC3D19 /* HSProgressCell.m */ = {isa = PBXFileReference; fileEncoding = 4; lastKnownFileType = sourcecode.c.objc; path = HSProgressCell.m; sourceTree = "<group>"; };
		74E82F571B00BEB700CC3D19 /* DNSSwipeableCell.h */ = {isa = PBXFileReference; fileEncoding = 4; lastKnownFileType = sourcecode.c.h; path = DNSSwipeableCell.h; sourceTree = "<group>"; };
		74E82F581B00BEB700CC3D19 /* DNSSwipeableCell.m */ = {isa = PBXFileReference; fileEncoding = 4; lastKnownFileType = sourcecode.c.objc; path = DNSSwipeableCell.m; sourceTree = "<group>"; };
/* End PBXFileReference section */

/* Begin PBXFrameworksBuildPhase section */
		749BB6C01AB767010071A98E /* Frameworks */ = {
			isa = PBXFrameworksBuildPhase;
			buildActionMask = 2147483647;
			files = (
				7413526D1AF69C960071D950 /* Crashlytics.framework in Frameworks */,
				7413526C1AF69C960071D950 /* Fabric.framework in Frameworks */,
			);
			runOnlyForDeploymentPostprocessing = 0;
		};
		749BB6D91AB767010071A98E /* Frameworks */ = {
			isa = PBXFrameworksBuildPhase;
			buildActionMask = 2147483647;
			files = (
			);
			runOnlyForDeploymentPostprocessing = 0;
		};
/* End PBXFrameworksBuildPhase section */

/* Begin PBXGroup section */
		7402E0111ABE192C000BAB26 /* Walkthrough */ = {
			isa = PBXGroup;
			children = (
				7402E0081ABE1928000BAB26 /* WalkthroughViewController.h */,
				7402E0091ABE1928000BAB26 /* WalkthroughViewController.m */,
				7402E00A1ABE1928000BAB26 /* WalkthroughPageViewController.h */,
				7402E00B1ABE1928000BAB26 /* WalkthroughPageViewController.m */,
				7402E00C1ABE1928000BAB26 /* ContentViewController.h */,
				7402E00D1ABE1928000BAB26 /* ContentViewController.m */,
				7402E0121ABE1944000BAB26 /* Walkthrough.storyboard */,
			);
			name = Walkthrough;
			sourceTree = "<group>";
		};
		7402E01D1ABE197D000BAB26 /* 3rd party */ = {
			isa = PBXGroup;
			children = (
				74E82F561B00BEAB00CC3D19 /* DNSSwipeableCell */,
				74E82F1E1B0092BD00CC3D19 /* UIViewController+Utils */,
				74BFED2D1AF5EBF900FFD72E /* SDWevImage */,
				74BFECFB1AF5EB6D00FFD72E /* UIColor+HEX */,
				74B4E5F81AC61B6900FFB1CF /* BFPaperButton */,
				74ACE2B21AC2D5D700921D62 /* NSString+Size */,
				74ACE2A51AC2C30F00921D62 /* SSKeychain */,
				7443765A1AC222250085A2C3 /* FontAwesome */,
				74AE57B11AC02AA6004FA900 /* UIView+Shake */,
				74AE57B01AC02A9F004FA900 /* HalfPixelConstraint */,
				74AE577B1AC0217F004FA900 /* Spring */,
				74AE57591AC020EE004FA900 /* WBKit */,
				74AE57551AC0202C004FA900 /* PDDTopBtmLinedView */,
				7402E01F1ABE19AD000BAB26 /* MBProgressHUD */,
				7402E01E1ABE1982000BAB26 /* UIAlertView+Blocks */,
			);
			name = "3rd party";
			sourceTree = "<group>";
		};
		7402E01E1ABE1982000BAB26 /* UIAlertView+Blocks */ = {
			isa = PBXGroup;
			children = (
				7402E0141ABE197A000BAB26 /* RIButtonItem.h */,
				7402E0151ABE197A000BAB26 /* RIButtonItem.m */,
				7402E0161ABE197A000BAB26 /* UIActionSheet+Blocks.h */,
				7402E0171ABE197A000BAB26 /* UIActionSheet+Blocks.m */,
				7402E0181ABE197A000BAB26 /* UIAlertView+Blocks.h */,
				7402E0191ABE197A000BAB26 /* UIAlertView+Blocks.m */,
			);
			name = "UIAlertView+Blocks";
			sourceTree = "<group>";
		};
		7402E01F1ABE19AD000BAB26 /* MBProgressHUD */ = {
			isa = PBXGroup;
			children = (
				7402E0201ABE19BB000BAB26 /* MBProgressHUD.h */,
				7402E0211ABE19BB000BAB26 /* MBProgressHUD.m */,
			);
			name = MBProgressHUD;
			sourceTree = "<group>";
		};
		7402E0231ABE19ED000BAB26 /* Fonts */ = {
			isa = PBXGroup;
			children = (
				7402E0241ABE1A00000BAB26 /* HelveticaNeueCyr-Black.otf */,
				7402E0251ABE1A00000BAB26 /* HelveticaNeueCyr-BlackItalic.otf */,
				7402E0261ABE1A00000BAB26 /* HelveticaNeueCyr-Bold.otf */,
				7402E0271ABE1A00000BAB26 /* HelveticaNeueCyr-BoldItalic.otf */,
				7402E0281ABE1A00000BAB26 /* HelveticaNeueCyr-Italic.otf */,
				7402E0291ABE1A00000BAB26 /* HelveticaNeueCyr-Light.otf */,
				7402E02A1ABE1A00000BAB26 /* HelveticaNeueCyr-LightItalic.otf */,
				7402E02B1ABE1A00000BAB26 /* HelveticaNeueCyr-Medium.otf */,
				7402E02C1ABE1A00000BAB26 /* HelveticaNeueCyr-Roman.otf */,
				7402E02D1ABE1A00000BAB26 /* HelveticaNeueCyr-Thin.otf */,
				7402E02E1ABE1A00000BAB26 /* HelveticaNeueCyr-ThinItalic.otf */,
				7402E02F1ABE1A00000BAB26 /* HelveticaNeueCyr-UltraLight_0.otf */,
				7402E0301ABE1A00000BAB26 /* HelveticaNeueCyr-UltraLightItalic.otf */,
				7402E0311ABE1A00000BAB26 /* Ubuntu-B.ttf */,
				7402E0321ABE1A00000BAB26 /* Ubuntu-BI.ttf */,
				7402E0331ABE1A00000BAB26 /* Ubuntu-C.ttf */,
				7402E0341ABE1A00000BAB26 /* Ubuntu-L.ttf */,
				7402E0351ABE1A00000BAB26 /* Ubuntu-LI.ttf */,
				7402E0361ABE1A00000BAB26 /* Ubuntu-R.ttf */,
				7402E0371ABE1A00000BAB26 /* Ubuntu-M.ttf */,
				7402E0381ABE1A00000BAB26 /* Ubuntu-MI.ttf */,
				7402E0391ABE1A00000BAB26 /* Ubuntu-R.ttf */,
				7402E03A1ABE1A00000BAB26 /* Ubuntu-RI.ttf */,
				7402E03B1ABE1A00000BAB26 /* UbuntuMono-B.ttf */,
				7402E03C1ABE1A00000BAB26 /* UbuntuMono-BI.ttf */,
				7402E03D1ABE1A00000BAB26 /* UbuntuMono-R.ttf */,
				7402E03E1ABE1A00000BAB26 /* UbuntuMono-RI.ttf */,
				7402E03F1ABE1A00000BAB26 /* Calibri.ttf */,
			);
			name = Fonts;
			sourceTree = "<group>";
		};
		744376501AC1B8270085A2C3 /* Managers */ = {
			isa = PBXGroup;
			children = (
				744376511AC1B8560085A2C3 /* HSAuthManager.h */,
				744376521AC1B8560085A2C3 /* HSAuthManager.m */,
				74ACE2AC1AC2C68100921D62 /* HSDataManager.h */,
				74ACE2AD1AC2C68100921D62 /* HSDataManager.m */,
				74BFED311AF604C600FFD72E /* HSMineManager.h */,
				74BFED321AF604C600FFD72E /* HSMineManager.m */,
				74BFED3A1AF60F8A00FFD72E /* HSActivityManager.h */,
				74BFED3B1AF60F8A00FFD72E /* HSActivityManager.m */,
				74BFED371AF60F7A00FFD72E /* HSScheduleManager.h */,
				74BFED381AF60F7A00FFD72E /* HSScheduleManager.m */,
			);
			name = Managers;
			sourceTree = "<group>";
		};
		7443765A1AC222250085A2C3 /* FontAwesome */ = {
			isa = PBXGroup;
			children = (
				7443765B1AC2223B0085A2C3 /* FAImageView.h */,
				7443765C1AC2223B0085A2C3 /* FAImageView.m */,
				7443765D1AC2223B0085A2C3 /* NSString+FontAwesome.h */,
				7443765E1AC2223B0085A2C3 /* NSString+FontAwesome.m */,
				7443765F1AC2223B0085A2C3 /* UIFont+FontAwesome.h */,
				744376601AC2223B0085A2C3 /* UIFont+FontAwesome.m */,
				744376641AC222440085A2C3 /* FontAwesome.ttf */,
			);
			name = FontAwesome;
			sourceTree = "<group>";
		};
		744376691AC2227A0085A2C3 /* Customs */ = {
			isa = PBXGroup;
			children = (
				74E82F1F1B00AE6E00CC3D19 /* 3rd party */,
				7443766A1AC2228A0085A2C3 /* HSRoundedBtn.h */,
				7443766B1AC2228A0085A2C3 /* HSRoundedBtn.m */,
				7413525E1AF63C5A0071D950 /* HSGradientedView.h */,
				7413525F1AF63C5A0071D950 /* HSGradientedView.m */,
			);
			name = Customs;
			sourceTree = "<group>";
		};
		749BB6BA1AB767010071A98E = {
			isa = PBXGroup;
			children = (
				749BB6C51AB767010071A98E /* hsking */,
				749BB6DF1AB767010071A98E /* hskingTests */,
				749BB6C41AB767010071A98E /* Products */,
			);
			sourceTree = "<group>";
		};
		749BB6C41AB767010071A98E /* Products */ = {
			isa = PBXGroup;
			children = (
				749BB6C31AB767010071A98E /* hsking.app */,
				749BB6DC1AB767010071A98E /* hskingTests.xctest */,
			);
			name = Products;
			sourceTree = "<group>";
		};
		749BB6C51AB767010071A98E /* hsking */ = {
			isa = PBXGroup;
			children = (
				744376551AC1B8C20085A2C3 /* HSConstants.h */,
				7402E01D1ABE197D000BAB26 /* 3rd party */,
				74ACE29B1AC2A5EA00921D62 /* Networking */,
				744376501AC1B8270085A2C3 /* Managers */,
				744376691AC2227A0085A2C3 /* Customs */,
				7402E0111ABE192C000BAB26 /* Walkthrough */,
				74AE57751AC02111004FA900 /* Auth */,
				74E82F521B00BCF300CC3D19 /* Cells */,
				749BB6CA1AB767010071A98E /* AppDelegate.h */,
				749BB6CB1AB767010071A98E /* AppDelegate.m */,
				749BB6CD1AB767010071A98E /* HSHabbitsListController.h */,
				749BB6CE1AB767010071A98E /* HSHabbitsListController.m */,
				74B4E5F51AC6191800FFB1CF /* HSHabbitViewController.h */,
				74B4E5F61AC6191800FFB1CF /* HSHabbitViewController.m */,
				74BFED2E1AF5F78500FFD72E /* HSWebViewController.h */,
				74BFED2F1AF5F78500FFD72E /* HSWebViewController.m */,
				74BFED341AF60D7500FFD72E /* HSHabbitSettingsController.h */,
				74BFED351AF60D7500FFD72E /* HSHabbitSettingsController.m */,
				74BFED3D1AF610EB00FFD72E /* HSSelectorViewController.h */,
				74BFED3E1AF610EB00FFD72E /* HSSelectorViewController.m */,
				744376661AC2226A0085A2C3 /* HSContactController.h */,
				744376671AC2226A0085A2C3 /* HSContactController.m */,
				741352611AF640AC0071D950 /* HSFeedViewController.h */,
				741352621AF640AC0071D950 /* HSFeedViewController.m */,
				749BB6D01AB767010071A98E /* Main.storyboard */,
				74BFED401AF6176600FFD72E /* headerMain.xib */,
				749BB6D31AB767010071A98E /* Images.xcassets */,
				749BB6D51AB767010071A98E /* LaunchScreen.xib */,
				749BB6C61AB767010071A98E /* Supporting Files */,
			);
			path = hsking;
			sourceTree = "<group>";
		};
		749BB6C61AB767010071A98E /* Supporting Files */ = {
			isa = PBXGroup;
			children = (
				7413526A1AF69C960071D950 /* Fabric.framework */,
				7413526B1AF69C960071D950 /* Crashlytics.framework */,
				7402E0231ABE19ED000BAB26 /* Fonts */,
				749BB6C71AB767010071A98E /* Info.plist */,
				749BB6C81AB767010071A98E /* main.m */,
				744376541AC1B87D0085A2C3 /* PrefixHeader.pch */,
			);
			name = "Supporting Files";
			sourceTree = "<group>";
		};
		749BB6DF1AB767010071A98E /* hskingTests */ = {
			isa = PBXGroup;
			children = (
				749BB6E21AB767010071A98E /* hskingTests.m */,
				749BB6E01AB767010071A98E /* Supporting Files */,
			);
			path = hskingTests;
			sourceTree = "<group>";
		};
		749BB6E01AB767010071A98E /* Supporting Files */ = {
			isa = PBXGroup;
			children = (
				749BB6E11AB767010071A98E /* Info.plist */,
			);
			name = "Supporting Files";
			sourceTree = "<group>";
		};
		74ACE29B1AC2A5EA00921D62 /* Networking */ = {
			isa = PBXGroup;
			children = (
				74ACE29F1AC2A65400921D62 /* NSMutableURLRequest+MultipartForm.h */,
				74ACE2A01AC2A65400921D62 /* NSMutableURLRequest+MultipartForm.m */,
				74ACE2A21AC2A81900921D62 /* VMConnection.h */,
				74ACE2A31AC2A81900921D62 /* VMConnection.m */,
			);
			name = Networking;
			sourceTree = "<group>";
		};
		74ACE2A51AC2C30F00921D62 /* SSKeychain */ = {
			isa = PBXGroup;
			children = (
				74ACE2A61AC2C31E00921D62 /* SSKeychain.h */,
				74ACE2A71AC2C31E00921D62 /* SSKeychain.m */,
				74ACE2A81AC2C31E00921D62 /* SSKeychainQuery.h */,
				74ACE2A91AC2C31E00921D62 /* SSKeychainQuery.m */,
			);
			name = SSKeychain;
			sourceTree = "<group>";
		};
		74ACE2B21AC2D5D700921D62 /* NSString+Size */ = {
			isa = PBXGroup;
			children = (
				74ACE2AF1AC2D5D300921D62 /* NSString+Size.h */,
				74ACE2B01AC2D5D300921D62 /* NSString+Size.m */,
			);
			name = "NSString+Size";
			sourceTree = "<group>";
		};
		74AE57551AC0202C004FA900 /* PDDTopBtmLinedView */ = {
			isa = PBXGroup;
			children = (
				74AE57561AC02040004FA900 /* PDDTopLinedView.h */,
				74AE57571AC02040004FA900 /* PDDTopLinedView.m */,
				74AE57521AC02029004FA900 /* PDDTopBtmLinedView.h */,
				74AE57531AC02029004FA900 /* PDDTopBtmLinedView.m */,
			);
			name = PDDTopBtmLinedView;
			sourceTree = "<group>";
		};
		74AE57591AC020EE004FA900 /* WBKit */ = {
			isa = PBXGroup;
			children = (
				74ACE2B31AC2D69700921D62 /* NSArray+WithoutNull.h */,
				74ACE2B41AC2D69700921D62 /* NSArray+WithoutNull.m */,
				74ACE2B51AC2D69700921D62 /* NSDictionary+WithoutNull.h */,
				74ACE2B61AC2D69700921D62 /* NSDictionary+WithoutNull.m */,
				74AE575A1AC02105004FA900 /* WBRequestManager.h */,
				74AE575B1AC02105004FA900 /* WBRequestManager.m */,
				74AE575C1AC02105004FA900 /* NSError+WBKit.h */,
				74AE575D1AC02105004FA900 /* NSError+WBKit.m */,
				74AE575E1AC02105004FA900 /* UIAlertView+NSError.h */,
				74AE575F1AC02105004FA900 /* UIAlertView+NSError.m */,
				74AE57601AC02105004FA900 /* UIView+WBKit.h */,
				74AE57611AC02105004FA900 /* UIView+WBKit.m */,
				74AE57621AC02105004FA900 /* WBInAppHelper.h */,
				74AE57631AC02105004FA900 /* WBInAppHelper.m */,
				74AE57641AC02105004FA900 /* NSData+AES256.h */,
				74AE57651AC02105004FA900 /* NSData+AES256.m */,
				74AE57661AC02105004FA900 /* UIViewController+WBKit.h */,
				74AE57671AC02105004FA900 /* UIViewController+WBKit.m */,
				74AE57681AC02105004FA900 /* NSString+WBKit.h */,
				74AE57691AC02105004FA900 /* NSString+WBKit.m */,
				74AE576A1AC02105004FA900 /* UIImage+WBKit.h */,
				74AE576B1AC02105004FA900 /* UIImage+WBKit.m */,
			);
			name = WBKit;
			sourceTree = "<group>";
		};
		74AE57751AC02111004FA900 /* Auth */ = {
			isa = PBXGroup;
			children = (
				74AE57781AC02136004FA900 /* RegistrationViewController.h */,
				74AE57791AC02136004FA900 /* RegistrationViewController.m */,
				74AE57761AC0211E004FA900 /* Auth.storyboard */,
			);
			name = Auth;
			sourceTree = "<group>";
		};
		74AE577B1AC0217F004FA900 /* Spring */ = {
			isa = PBXGroup;
			children = (
				74AE57881AC02195004FA900 /* KeyboardLayoutConstraint.swift */,
				74AE577C1AC02194004FA900 /* hsking-Bridging-Header.h */,
			);
			name = Spring;
			sourceTree = "<group>";
		};
		74AE57B01AC02A9F004FA900 /* HalfPixelConstraint */ = {
			isa = PBXGroup;
			children = (
				74AE57AD1AC0232E004FA900 /* TPHalfPixelConstraint.h */,
				74AE57AE1AC0232E004FA900 /* TPHalfPixelConstraint.m */,
			);
			name = HalfPixelConstraint;
			sourceTree = "<group>";
		};
		74AE57B11AC02AA6004FA900 /* UIView+Shake */ = {
			isa = PBXGroup;
			children = (
				74AE57B21AC02ABD004FA900 /* UIView+Shake.h */,
				74AE57B31AC02ABD004FA900 /* UIView+Shake.m */,
			);
			name = "UIView+Shake";
			sourceTree = "<group>";
		};
		74B4E5F81AC61B6900FFB1CF /* BFPaperButton */ = {
			isa = PBXGroup;
			children = (
				74B4E5FC1AC61B8700FFB1CF /* UIColor+BFPaperColors.h */,
				74B4E5FD1AC61B8700FFB1CF /* UIColor+BFPaperColors.m */,
				74B4E5F91AC61B7A00FFB1CF /* BFPaperButton.h */,
				74B4E5FA1AC61B7A00FFB1CF /* BFPaperButton.m */,
				74B4E5FF1AC61FC800FFB1CF /* BFPaperTabBarController.h */,
				74B4E6001AC61FC800FFB1CF /* BFPaperTabBarController.m */,
				74B4E6021AC6200C00FFB1CF /* BFPaperTableViewCell.h */,
				74B4E6031AC6200C00FFB1CF /* BFPaperTableViewCell.m */,
			);
			name = BFPaperButton;
			sourceTree = "<group>";
		};
		74BFECFB1AF5EB6D00FFD72E /* UIColor+HEX */ = {
			isa = PBXGroup;
			children = (
				74BFECFC1AF5EB7F00FFD72E /* UIColor+HEX.h */,
				74BFECFD1AF5EB7F00FFD72E /* UIColor+HEX.m */,
			);
			name = "UIColor+HEX";
			sourceTree = "<group>";
		};
		74BFED2D1AF5EBF900FFD72E /* SDWevImage */ = {
			isa = PBXGroup;
			children = (
				74BFECFF1AF5EBF600FFD72E /* NSData+ImageContentType.h */,
				74BFED001AF5EBF600FFD72E /* NSData+ImageContentType.m */,
				74BFED011AF5EBF600FFD72E /* SDImageCache.h */,
				74BFED021AF5EBF600FFD72E /* SDImageCache.m */,
				74BFED031AF5EBF600FFD72E /* SDWebImageCompat.h */,
				74BFED041AF5EBF600FFD72E /* SDWebImageCompat.m */,
				74BFED051AF5EBF600FFD72E /* SDWebImageDecoder.h */,
				74BFED061AF5EBF600FFD72E /* SDWebImageDecoder.m */,
				74BFED071AF5EBF600FFD72E /* SDWebImageDownloader.h */,
				74BFED081AF5EBF600FFD72E /* SDWebImageDownloader.m */,
				74BFED091AF5EBF600FFD72E /* SDWebImageDownloaderOperation.h */,
				74BFED0A1AF5EBF600FFD72E /* SDWebImageDownloaderOperation.m */,
				74BFED0B1AF5EBF600FFD72E /* SDWebImageManager.h */,
				74BFED0C1AF5EBF600FFD72E /* SDWebImageManager.m */,
				74BFED0D1AF5EBF600FFD72E /* SDWebImageOperation.h */,
				74BFED0E1AF5EBF600FFD72E /* SDWebImagePrefetcher.h */,
				74BFED0F1AF5EBF600FFD72E /* SDWebImagePrefetcher.m */,
				74BFED101AF5EBF600FFD72E /* UIButton+WebCache.h */,
				74BFED111AF5EBF600FFD72E /* UIButton+WebCache.m */,
				74BFED121AF5EBF600FFD72E /* UIImage+GIF.h */,
				74BFED131AF5EBF600FFD72E /* UIImage+GIF.m */,
				74BFED141AF5EBF600FFD72E /* UIImage+MultiFormat.h */,
				74BFED151AF5EBF600FFD72E /* UIImage+MultiFormat.m */,
				74BFED161AF5EBF600FFD72E /* UIImage+WebP.h */,
				74BFED171AF5EBF600FFD72E /* UIImage+WebP.m */,
				74BFED181AF5EBF600FFD72E /* UIImageView+HighlightedWebCache.h */,
				74BFED191AF5EBF600FFD72E /* UIImageView+HighlightedWebCache.m */,
				74BFED1A1AF5EBF600FFD72E /* UIImageView+WebCache.h */,
				74BFED1B1AF5EBF600FFD72E /* UIImageView+WebCache.m */,
				74BFED1C1AF5EBF600FFD72E /* UIView+WebCacheOperation.h */,
				74BFED1D1AF5EBF600FFD72E /* UIView+WebCacheOperation.m */,
			);
			name = SDWevImage;
			sourceTree = "<group>";
		};
		74E82F1E1B0092BD00CC3D19 /* UIViewController+Utils */ = {
			isa = PBXGroup;
			children = (
				74E82F1B1B0092B800CC3D19 /* UIViewController+Utils.h */,
				74E82F1C1B0092B800CC3D19 /* UIViewController+Utils.m */,
			);
			name = "UIViewController+Utils";
			sourceTree = "<group>";
		};
		74E82F1F1B00AE6E00CC3D19 /* 3rd party */ = {
			isa = PBXGroup;
			children = (
				74E82F4F1B00BA3C00CC3D19 /* TSMessagesDefaultDesign.json */,
				74E82F4D1B00B9EE00CC3D19 /* AlternativeDesign.json */,
				74E82F4A1B00AEAC00CC3D19 /* HexColor.h */,
				74E82F4B1B00AEAC00CC3D19 /* HexColor.m */,
				74E82F491B00AE8C00CC3D19 /* Images */,
				74E82F201B00AE7F00CC3D19 /* TSBlurView.h */,
				74E82F211B00AE7F00CC3D19 /* TSBlurView.m */,
				74E82F221B00AE7F00CC3D19 /* TSMessage.h */,
				74E82F231B00AE7F00CC3D19 /* TSMessage.m */,
				74E82F241B00AE7F00CC3D19 /* TSMessageView.h */,
				74E82F251B00AE7F00CC3D19 /* TSMessageView.m */,
			);
			name = "3rd party";
			sourceTree = "<group>";
		};
		74E82F491B00AE8C00CC3D19 /* Images */ = {
			isa = PBXGroup;
			children = (
				74E82F291B00AE8800CC3D19 /* NotificationBackgroundError.png */,
				74E82F2A1B00AE8800CC3D19 /* NotificationBackgroundError@2x.png */,
				74E82F2B1B00AE8800CC3D19 /* NotificationBackgroundErrorIcon.png */,
				74E82F2C1B00AE8800CC3D19 /* NotificationBackgroundErrorIcon@2x.png */,
				74E82F2D1B00AE8800CC3D19 /* NotificationBackgroundMessage.png */,
				74E82F2E1B00AE8800CC3D19 /* NotificationBackgroundMessage@2x.png */,
				74E82F2F1B00AE8800CC3D19 /* NotificationBackgroundSuccess.png */,
				74E82F301B00AE8800CC3D19 /* NotificationBackgroundSuccess@2x.png */,
				74E82F311B00AE8800CC3D19 /* NotificationBackgroundSuccessIcon.png */,
				74E82F321B00AE8800CC3D19 /* NotificationBackgroundSuccessIcon@2x.png */,
				74E82F331B00AE8800CC3D19 /* NotificationBackgroundWarning.png */,
				74E82F341B00AE8800CC3D19 /* NotificationBackgroundWarning@2x.png */,
				74E82F351B00AE8800CC3D19 /* NotificationBackgroundWarningIcon.png */,
				74E82F361B00AE8800CC3D19 /* NotificationBackgroundWarningIcon@2x.png */,
				74E82F371B00AE8800CC3D19 /* NotificationButtonBackground.png */,
				74E82F381B00AE8800CC3D19 /* NotificationButtonBackground@2x.png */,
			);
			name = Images;
			sourceTree = "<group>";
		};
		74E82F521B00BCF300CC3D19 /* Cells */ = {
			isa = PBXGroup;
			children = (
				74E82F531B00BD0400CC3D19 /* HSProgressCell.h */,
				74E82F541B00BD0400CC3D19 /* HSProgressCell.m */,
			);
			name = Cells;
			sourceTree = "<group>";
		};
		74E82F561B00BEAB00CC3D19 /* DNSSwipeableCell */ = {
			isa = PBXGroup;
			children = (
				74E82F571B00BEB700CC3D19 /* DNSSwipeableCell.h */,
				74E82F581B00BEB700CC3D19 /* DNSSwipeableCell.m */,
			);
			name = DNSSwipeableCell;
			sourceTree = "<group>";
		};
/* End PBXGroup section */

/* Begin PBXNativeTarget section */
		749BB6C21AB767010071A98E /* hsking */ = {
			isa = PBXNativeTarget;
			buildConfigurationList = 749BB6E61AB767010071A98E /* Build configuration list for PBXNativeTarget "hsking" */;
			buildPhases = (
				749BB6BF1AB767010071A98E /* Sources */,
				749BB6C01AB767010071A98E /* Frameworks */,
				749BB6C11AB767010071A98E /* Resources */,
				741352691AF69C7C0071D950 /* ShellScript */,
			);
			buildRules = (
			);
			dependencies = (
			);
			name = hsking;
			productName = hsking;
			productReference = 749BB6C31AB767010071A98E /* hsking.app */;
			productType = "com.apple.product-type.application";
		};
		749BB6DB1AB767010071A98E /* hskingTests */ = {
			isa = PBXNativeTarget;
			buildConfigurationList = 749BB6E91AB767010071A98E /* Build configuration list for PBXNativeTarget "hskingTests" */;
			buildPhases = (
				749BB6D81AB767010071A98E /* Sources */,
				749BB6D91AB767010071A98E /* Frameworks */,
				749BB6DA1AB767010071A98E /* Resources */,
			);
			buildRules = (
			);
			dependencies = (
				749BB6DE1AB767010071A98E /* PBXTargetDependency */,
			);
			name = hskingTests;
			productName = hskingTests;
			productReference = 749BB6DC1AB767010071A98E /* hskingTests.xctest */;
			productType = "com.apple.product-type.bundle.unit-test";
		};
/* End PBXNativeTarget section */

/* Begin PBXProject section */
		749BB6BB1AB767010071A98E /* Project object */ = {
			isa = PBXProject;
			attributes = {
				CLASSPREFIX = HS;
				LastUpgradeCheck = 0630;
				ORGANIZATIONNAME = Werbary;
				TargetAttributes = {
					749BB6C21AB767010071A98E = {
						CreatedOnToolsVersion = 6.2;
					};
					749BB6DB1AB767010071A98E = {
						CreatedOnToolsVersion = 6.2;
						TestTargetID = 749BB6C21AB767010071A98E;
					};
				};
			};
			buildConfigurationList = 749BB6BE1AB767010071A98E /* Build configuration list for PBXProject "hsking" */;
			compatibilityVersion = "Xcode 3.2";
			developmentRegion = English;
			hasScannedForEncodings = 0;
			knownRegions = (
				en,
				Base,
			);
			mainGroup = 749BB6BA1AB767010071A98E;
			productRefGroup = 749BB6C41AB767010071A98E /* Products */;
			projectDirPath = "";
			projectRoot = "";
			targets = (
				749BB6C21AB767010071A98E /* hsking */,
				749BB6DB1AB767010071A98E /* hskingTests */,
			);
		};
/* End PBXProject section */

/* Begin PBXResourcesBuildPhase section */
		749BB6C11AB767010071A98E /* Resources */ = {
			isa = PBXResourcesBuildPhase;
			buildActionMask = 2147483647;
			files = (
				7402E0451ABE1A00000BAB26 /* HelveticaNeueCyr-Light.otf in Resources */,
				744376651AC222440085A2C3 /* FontAwesome.ttf in Resources */,
				7402E0541ABE1A00000BAB26 /* Ubuntu-MI.ttf in Resources */,
				74E82F401B00AE8800CC3D19 /* NotificationBackgroundSuccess@2x.png in Resources */,
				7402E04C1ABE1A00000BAB26 /* HelveticaNeueCyr-UltraLightItalic.otf in Resources */,
				74E82F3A1B00AE8800CC3D19 /* NotificationBackgroundError@2x.png in Resources */,
				7402E0461ABE1A00000BAB26 /* HelveticaNeueCyr-LightItalic.otf in Resources */,
				7402E0521ABE1A00000BAB26 /* Ubuntu-R.ttf in Resources */,
				7402E0481ABE1A00000BAB26 /* HelveticaNeueCyr-Roman.otf in Resources */,
				749BB6D21AB767010071A98E /* Main.storyboard in Resources */,
				7402E0421ABE1A00000BAB26 /* HelveticaNeueCyr-Bold.otf in Resources */,
				7402E04D1ABE1A00000BAB26 /* Ubuntu-B.ttf in Resources */,
				74AE57771AC0211E004FA900 /* Auth.storyboard in Resources */,
				74E82F451B00AE8800CC3D19 /* NotificationBackgroundWarningIcon.png in Resources */,
				74E82F3B1B00AE8800CC3D19 /* NotificationBackgroundErrorIcon.png in Resources */,
				74E82F481B00AE8800CC3D19 /* NotificationButtonBackground@2x.png in Resources */,
				74E82F3E1B00AE8800CC3D19 /* NotificationBackgroundMessage@2x.png in Resources */,
				74BFED411AF6176600FFD72E /* headerMain.xib in Resources */,
				74E82F4E1B00B9EE00CC3D19 /* AlternativeDesign.json in Resources */,
				74E82F391B00AE8800CC3D19 /* NotificationBackgroundError.png in Resources */,
				7402E0471ABE1A00000BAB26 /* HelveticaNeueCyr-Medium.otf in Resources */,
				7402E04E1ABE1A00000BAB26 /* Ubuntu-BI.ttf in Resources */,
				74E82F411B00AE8800CC3D19 /* NotificationBackgroundSuccessIcon.png in Resources */,
				74E82F431B00AE8800CC3D19 /* NotificationBackgroundWarning.png in Resources */,
				7402E0431ABE1A00000BAB26 /* HelveticaNeueCyr-BoldItalic.otf in Resources */,
				7402E0131ABE1944000BAB26 /* Walkthrough.storyboard in Resources */,
				7402E04F1ABE1A00000BAB26 /* Ubuntu-C.ttf in Resources */,
				7402E0501ABE1A00000BAB26 /* Ubuntu-L.ttf in Resources */,
				7402E0491ABE1A00000BAB26 /* HelveticaNeueCyr-Thin.otf in Resources */,
				74E82F461B00AE8800CC3D19 /* NotificationBackgroundWarningIcon@2x.png in Resources */,
				74E82F501B00BA3C00CC3D19 /* TSMessagesDefaultDesign.json in Resources */,
				74E82F441B00AE8800CC3D19 /* NotificationBackgroundWarning@2x.png in Resources */,
				7402E0441ABE1A00000BAB26 /* HelveticaNeueCyr-Italic.otf in Resources */,
				74E82F421B00AE8800CC3D19 /* NotificationBackgroundSuccessIcon@2x.png in Resources */,
				74E82F3D1B00AE8800CC3D19 /* NotificationBackgroundMessage.png in Resources */,
				74E82F3C1B00AE8800CC3D19 /* NotificationBackgroundErrorIcon@2x.png in Resources */,
				7402E04A1ABE1A00000BAB26 /* HelveticaNeueCyr-ThinItalic.otf in Resources */,
				7402E0511ABE1A00000BAB26 /* Ubuntu-LI.ttf in Resources */,
				7402E0411ABE1A00000BAB26 /* HelveticaNeueCyr-BlackItalic.otf in Resources */,
				7402E04B1ABE1A00000BAB26 /* HelveticaNeueCyr-UltraLight_0.otf in Resources */,
				7402E05A1ABE1A00000BAB26 /* UbuntuMono-RI.ttf in Resources */,
				74E82F471B00AE8800CC3D19 /* NotificationButtonBackground.png in Resources */,
				749BB6D71AB767010071A98E /* LaunchScreen.xib in Resources */,
				7402E0531ABE1A00000BAB26 /* Ubuntu-M.ttf in Resources */,
				74E82F3F1B00AE8800CC3D19 /* NotificationBackgroundSuccess.png in Resources */,
				7402E0591ABE1A00000BAB26 /* UbuntuMono-R.ttf in Resources */,
				7402E0571ABE1A00000BAB26 /* UbuntuMono-B.ttf in Resources */,
				7402E0581ABE1A00000BAB26 /* UbuntuMono-BI.ttf in Resources */,
				7402E0401ABE1A00000BAB26 /* HelveticaNeueCyr-Black.otf in Resources */,
				7402E0561ABE1A00000BAB26 /* Ubuntu-RI.ttf in Resources */,
				7402E05B1ABE1A00000BAB26 /* Calibri.ttf in Resources */,
				749BB6D41AB767010071A98E /* Images.xcassets in Resources */,
			);
			runOnlyForDeploymentPostprocessing = 0;
		};
		749BB6DA1AB767010071A98E /* Resources */ = {
			isa = PBXResourcesBuildPhase;
			buildActionMask = 2147483647;
			files = (
			);
			runOnlyForDeploymentPostprocessing = 0;
		};
/* End PBXResourcesBuildPhase section */

/* Begin PBXShellScriptBuildPhase section */
		741352691AF69C7C0071D950 /* ShellScript */ = {
			isa = PBXShellScriptBuildPhase;
			buildActionMask = 2147483647;
			files = (
			);
			inputPaths = (
			);
			outputPaths = (
			);
			runOnlyForDeploymentPostprocessing = 0;
			shellPath = /bin/sh;
			shellScript = "./Fabric.framework/run 12e442a80812723c1e1c0df5c6a4ef5ee5e63fc5 cc0f0e5f138d43c4543e8030bd0f2853567d0e45f6fd811258b79c322a110d9f";
		};
/* End PBXShellScriptBuildPhase section */

/* Begin PBXSourcesBuildPhase section */
		749BB6BF1AB767010071A98E /* Sources */ = {
			isa = PBXSourcesBuildPhase;
			buildActionMask = 2147483647;
			files = (
				74BFED361AF60D7500FFD72E /* HSHabbitSettingsController.m in Sources */,
				74ACE2A11AC2A65400921D62 /* NSMutableURLRequest+MultipartForm.m in Sources */,
				74BFED3C1AF60F8A00FFD72E /* HSActivityManager.m in Sources */,
				749BB6CF1AB767010071A98E /* HSHabbitsListController.m in Sources */,
				74AE57A01AC02195004FA900 /* KeyboardLayoutConstraint.swift in Sources */,
				74AE57701AC02105004FA900 /* WBInAppHelper.m in Sources */,
				74E82F261B00AE7F00CC3D19 /* TSBlurView.m in Sources */,
				74BFECFE1AF5EB7F00FFD72E /* UIColor+HEX.m in Sources */,
				74BFED241AF5EBF600FFD72E /* SDWebImageManager.m in Sources */,
				74B4E5FB1AC61B7A00FFB1CF /* BFPaperButton.m in Sources */,
				744376681AC2226A0085A2C3 /* HSContactController.m in Sources */,
				74E82F551B00BD0400CC3D19 /* HSProgressCell.m in Sources */,
				74BFED211AF5EBF600FFD72E /* SDWebImageDecoder.m in Sources */,
				74ACE2AA1AC2C31E00921D62 /* SSKeychain.m in Sources */,
				74BFED291AF5EBF600FFD72E /* UIImage+WebP.m in Sources */,
				74E82F1D1B0092B800CC3D19 /* UIViewController+Utils.m in Sources */,
				74ACE2A41AC2A81900921D62 /* VMConnection.m in Sources */,
				74ACE2B71AC2D69700921D62 /* NSArray+WithoutNull.m in Sources */,
				7402E00E1ABE1928000BAB26 /* WalkthroughViewController.m in Sources */,
				74AE577A1AC02136004FA900 /* RegistrationViewController.m in Sources */,
				7402E0101ABE1928000BAB26 /* ContentViewController.m in Sources */,
				74BFED221AF5EBF600FFD72E /* SDWebImageDownloader.m in Sources */,
				741352631AF640AC0071D950 /* HSFeedViewController.m in Sources */,
				74ACE2AE1AC2C68100921D62 /* HSDataManager.m in Sources */,
				744376631AC2223B0085A2C3 /* UIFont+FontAwesome.m in Sources */,
				74AE57721AC02105004FA900 /* UIViewController+WBKit.m in Sources */,
				74BFED2A1AF5EBF600FFD72E /* UIImageView+HighlightedWebCache.m in Sources */,
				74BFED1E1AF5EBF600FFD72E /* NSData+ImageContentType.m in Sources */,
				744376531AC1B8560085A2C3 /* HSAuthManager.m in Sources */,
				74B4E6011AC61FC800FFB1CF /* BFPaperTabBarController.m in Sources */,
				744376611AC2223B0085A2C3 /* FAImageView.m in Sources */,
				74AE57741AC02105004FA900 /* UIImage+WBKit.m in Sources */,
				74BFED2B1AF5EBF600FFD72E /* UIImageView+WebCache.m in Sources */,
				74BFED281AF5EBF600FFD72E /* UIImage+MultiFormat.m in Sources */,
				74ACE2B81AC2D69700921D62 /* NSDictionary+WithoutNull.m in Sources */,
				74E82F271B00AE7F00CC3D19 /* TSMessage.m in Sources */,
				74BFED261AF5EBF600FFD72E /* UIButton+WebCache.m in Sources */,
				7443766C1AC2228A0085A2C3 /* HSRoundedBtn.m in Sources */,
				74BFED251AF5EBF600FFD72E /* SDWebImagePrefetcher.m in Sources */,
				74AE57B41AC02ABD004FA900 /* UIView+Shake.m in Sources */,
				7402E01C1ABE197A000BAB26 /* UIAlertView+Blocks.m in Sources */,
				74BFED201AF5EBF600FFD72E /* SDWebImageCompat.m in Sources */,
				74BFED331AF604C600FFD72E /* HSMineManager.m in Sources */,
				7402E01A1ABE197A000BAB26 /* RIButtonItem.m in Sources */,
				74AE57731AC02105004FA900 /* NSString+WBKit.m in Sources */,
				74BFED271AF5EBF600FFD72E /* UIImage+GIF.m in Sources */,
				74AE576E1AC02105004FA900 /* UIAlertView+NSError.m in Sources */,
				74B4E6041AC6200C00FFB1CF /* BFPaperTableViewCell.m in Sources */,
				74AE57541AC02029004FA900 /* PDDTopBtmLinedView.m in Sources */,
				74B4E5F71AC6191800FFB1CF /* HSHabbitViewController.m in Sources */,
				744376621AC2223B0085A2C3 /* NSString+FontAwesome.m in Sources */,
				74BFED3F1AF610EB00FFD72E /* HSSelectorViewController.m in Sources */,
				74AE57581AC02040004FA900 /* PDDTopLinedView.m in Sources */,
				74B4E5FE1AC61B8700FFB1CF /* UIColor+BFPaperColors.m in Sources */,
				7402E00F1ABE1928000BAB26 /* WalkthroughPageViewController.m in Sources */,
				74AE57711AC02105004FA900 /* NSData+AES256.m in Sources */,
				74BFED391AF60F7A00FFD72E /* HSScheduleManager.m in Sources */,
				74AE57AF1AC0232E004FA900 /* TPHalfPixelConstraint.m in Sources */,
				74E82F281B00AE7F00CC3D19 /* TSMessageView.m in Sources */,
				749BB6CC1AB767010071A98E /* AppDelegate.m in Sources */,
				74AE576D1AC02105004FA900 /* NSError+WBKit.m in Sources */,
				74BFED231AF5EBF600FFD72E /* SDWebImageDownloaderOperation.m in Sources */,
				74E82F4C1B00AEAC00CC3D19 /* HexColor.m in Sources */,
				74BFED301AF5F78500FFD72E /* HSWebViewController.m in Sources */,
				7402E0221ABE19BB000BAB26 /* MBProgressHUD.m in Sources */,
				74BFED2C1AF5EBF600FFD72E /* UIView+WebCacheOperation.m in Sources */,
				741352601AF63C5A0071D950 /* HSGradientedView.m in Sources */,
				74E82F591B00BEB700CC3D19 /* DNSSwipeableCell.m in Sources */,
				749BB6C91AB767010071A98E /* main.m in Sources */,
				7402E01B1ABE197A000BAB26 /* UIActionSheet+Blocks.m in Sources */,
				74AE576F1AC02105004FA900 /* UIView+WBKit.m in Sources */,
				74ACE2AB1AC2C31E00921D62 /* SSKeychainQuery.m in Sources */,
				74ACE2B11AC2D5D300921D62 /* NSString+Size.m in Sources */,
				74BFED1F1AF5EBF600FFD72E /* SDImageCache.m in Sources */,
				74AE576C1AC02105004FA900 /* WBRequestManager.m in Sources */,
			);
			runOnlyForDeploymentPostprocessing = 0;
		};
		749BB6D81AB767010071A98E /* Sources */ = {
			isa = PBXSourcesBuildPhase;
			buildActionMask = 2147483647;
			files = (
				749BB6E31AB767010071A98E /* hskingTests.m in Sources */,
			);
			runOnlyForDeploymentPostprocessing = 0;
		};
/* End PBXSourcesBuildPhase section */

/* Begin PBXTargetDependency section */
		749BB6DE1AB767010071A98E /* PBXTargetDependency */ = {
			isa = PBXTargetDependency;
			target = 749BB6C21AB767010071A98E /* hsking */;
			targetProxy = 749BB6DD1AB767010071A98E /* PBXContainerItemProxy */;
		};
/* End PBXTargetDependency section */

/* Begin PBXVariantGroup section */
		749BB6D01AB767010071A98E /* Main.storyboard */ = {
			isa = PBXVariantGroup;
			children = (
				749BB6D11AB767010071A98E /* Base */,
				741352671AF671860071D950 /* ru */,
			);
			name = Main.storyboard;
			sourceTree = "<group>";
		};
		749BB6D51AB767010071A98E /* LaunchScreen.xib */ = {
			isa = PBXVariantGroup;
			children = (
				749BB6D61AB767010071A98E /* Base */,
				741352681AF671860071D950 /* ru */,
			);
			name = LaunchScreen.xib;
			sourceTree = "<group>";
		};
/* End PBXVariantGroup section */

/* Begin XCBuildConfiguration section */
		749BB6E41AB767010071A98E /* Debug */ = {
			isa = XCBuildConfiguration;
			buildSettings = {
				ALWAYS_SEARCH_USER_PATHS = NO;
				CLANG_CXX_LANGUAGE_STANDARD = "gnu++0x";
				CLANG_CXX_LIBRARY = "libc++";
				CLANG_ENABLE_MODULES = YES;
				CLANG_ENABLE_OBJC_ARC = YES;
				CLANG_WARN_BOOL_CONVERSION = YES;
				CLANG_WARN_CONSTANT_CONVERSION = YES;
				CLANG_WARN_DIRECT_OBJC_ISA_USAGE = YES_ERROR;
				CLANG_WARN_EMPTY_BODY = YES;
				CLANG_WARN_ENUM_CONVERSION = YES;
				CLANG_WARN_INT_CONVERSION = YES;
				CLANG_WARN_OBJC_ROOT_CLASS = YES_ERROR;
				CLANG_WARN_UNREACHABLE_CODE = YES;
				CLANG_WARN__DUPLICATE_METHOD_MATCH = YES;
				"CODE_SIGN_IDENTITY[sdk=iphoneos*]" = "iPhone Developer";
				COPY_PHASE_STRIP = NO;
				ENABLE_STRICT_OBJC_MSGSEND = YES;
				GCC_C_LANGUAGE_STANDARD = gnu99;
				GCC_DYNAMIC_NO_PIC = NO;
				GCC_OPTIMIZATION_LEVEL = 0;
				GCC_PREPROCESSOR_DEFINITIONS = (
					"DEBUG=1",
					"$(inherited)",
				);
				GCC_SYMBOLS_PRIVATE_EXTERN = NO;
				GCC_WARN_64_TO_32_BIT_CONVERSION = YES;
				GCC_WARN_ABOUT_RETURN_TYPE = YES_ERROR;
				GCC_WARN_UNDECLARED_SELECTOR = YES;
				GCC_WARN_UNINITIALIZED_AUTOS = YES_AGGRESSIVE;
				GCC_WARN_UNUSED_FUNCTION = YES;
				GCC_WARN_UNUSED_VARIABLE = YES;
				IPHONEOS_DEPLOYMENT_TARGET = 8.2;
				MTL_ENABLE_DEBUG_INFO = YES;
				ONLY_ACTIVE_ARCH = YES;
				SDKROOT = iphoneos;
			};
			name = Debug;
		};
		749BB6E51AB767010071A98E /* Release */ = {
			isa = XCBuildConfiguration;
			buildSettings = {
				ALWAYS_SEARCH_USER_PATHS = NO;
				CLANG_CXX_LANGUAGE_STANDARD = "gnu++0x";
				CLANG_CXX_LIBRARY = "libc++";
				CLANG_ENABLE_MODULES = YES;
				CLANG_ENABLE_OBJC_ARC = YES;
				CLANG_WARN_BOOL_CONVERSION = YES;
				CLANG_WARN_CONSTANT_CONVERSION = YES;
				CLANG_WARN_DIRECT_OBJC_ISA_USAGE = YES_ERROR;
				CLANG_WARN_EMPTY_BODY = YES;
				CLANG_WARN_ENUM_CONVERSION = YES;
				CLANG_WARN_INT_CONVERSION = YES;
				CLANG_WARN_OBJC_ROOT_CLASS = YES_ERROR;
				CLANG_WARN_UNREACHABLE_CODE = YES;
				CLANG_WARN__DUPLICATE_METHOD_MATCH = YES;
				"CODE_SIGN_IDENTITY[sdk=iphoneos*]" = "iPhone Developer";
				COPY_PHASE_STRIP = NO;
				ENABLE_NS_ASSERTIONS = NO;
				ENABLE_STRICT_OBJC_MSGSEND = YES;
				GCC_C_LANGUAGE_STANDARD = gnu99;
				GCC_WARN_64_TO_32_BIT_CONVERSION = YES;
				GCC_WARN_ABOUT_RETURN_TYPE = YES_ERROR;
				GCC_WARN_UNDECLARED_SELECTOR = YES;
				GCC_WARN_UNINITIALIZED_AUTOS = YES_AGGRESSIVE;
				GCC_WARN_UNUSED_FUNCTION = YES;
				GCC_WARN_UNUSED_VARIABLE = YES;
				IPHONEOS_DEPLOYMENT_TARGET = 8.2;
				MTL_ENABLE_DEBUG_INFO = NO;
				SDKROOT = iphoneos;
				VALIDATE_PRODUCT = YES;
			};
			name = Release;
		};
		749BB6E71AB767010071A98E /* Debug */ = {
			isa = XCBuildConfiguration;
			buildSettings = {
				ASSETCATALOG_COMPILER_APPICON_NAME = AppIcon;
				ASSETCATALOG_COMPILER_LAUNCHIMAGE_NAME = LaunchImage;
				CLANG_ENABLE_MODULES = YES;
				FRAMEWORK_SEARCH_PATHS = (
					"$(inherited)",
					"$(PROJECT_DIR)",
				);
				GCC_PRECOMPILE_PREFIX_HEADER = YES;
				GCC_PREFIX_HEADER = PrefixHeader.pch;
				INFOPLIST_FILE = hsking/Info.plist;
				LD_RUNPATH_SEARCH_PATHS = "$(inherited) @executable_path/Frameworks";
				PRODUCT_NAME = "$(TARGET_NAME)";
				SWIFT_OBJC_BRIDGING_HEADER = "hsking/hsking-Bridging-Header.h";
				SWIFT_OPTIMIZATION_LEVEL = "-Onone";
			};
			name = Debug;
		};
		749BB6E81AB767010071A98E /* Release */ = {
			isa = XCBuildConfiguration;
			buildSettings = {
				ASSETCATALOG_COMPILER_APPICON_NAME = AppIcon;
				ASSETCATALOG_COMPILER_LAUNCHIMAGE_NAME = LaunchImage;
				CLANG_ENABLE_MODULES = YES;
				"CODE_SIGN_IDENTITY[sdk=iphoneos*]" = "iPhone Distribution: Aleksey Trufanov (PUEZR36S6B)";
				FRAMEWORK_SEARCH_PATHS = (
					"$(inherited)",
					"$(PROJECT_DIR)",
				);
				GCC_PRECOMPILE_PREFIX_HEADER = YES;
				GCC_PREFIX_HEADER = PrefixHeader.pch;
				INFOPLIST_FILE = hsking/Info.plist;
				LD_RUNPATH_SEARCH_PATHS = "$(inherited) @executable_path/Frameworks";
				PRODUCT_NAME = "$(TARGET_NAME)";
				PROVISIONING_PROFILE = "7f7665a4-48ed-4ef0-81f4-bd2eacea7980";
				SWIFT_OBJC_BRIDGING_HEADER = "hsking/hsking-Bridging-Header.h";
			};
			name = Release;
		};
		749BB6EA1AB767010071A98E /* Debug */ = {
			isa = XCBuildConfiguration;
			buildSettings = {
				BUNDLE_LOADER = "$(TEST_HOST)";
				FRAMEWORK_SEARCH_PATHS = (
					"$(SDKROOT)/Developer/Library/Frameworks",
					"$(inherited)",
				);
				GCC_PREPROCESSOR_DEFINITIONS = (
					"DEBUG=1",
					"$(inherited)",
				);
				INFOPLIST_FILE = hskingTests/Info.plist;
				LD_RUNPATH_SEARCH_PATHS = "$(inherited) @executable_path/Frameworks @loader_path/Frameworks";
				PRODUCT_NAME = "$(TARGET_NAME)";
				TEST_HOST = "$(BUILT_PRODUCTS_DIR)/hsking.app/hsking";
			};
			name = Debug;
		};
		749BB6EB1AB767010071A98E /* Release */ = {
			isa = XCBuildConfiguration;
			buildSettings = {
				BUNDLE_LOADER = "$(TEST_HOST)";
				FRAMEWORK_SEARCH_PATHS = (
					"$(SDKROOT)/Developer/Library/Frameworks",
					"$(inherited)",
				);
				INFOPLIST_FILE = hskingTests/Info.plist;
				LD_RUNPATH_SEARCH_PATHS = "$(inherited) @executable_path/Frameworks @loader_path/Frameworks";
				PRODUCT_NAME = "$(TARGET_NAME)";
				TEST_HOST = "$(BUILT_PRODUCTS_DIR)/hsking.app/hsking";
			};
			name = Release;
		};
/* End XCBuildConfiguration section */

/* Begin XCConfigurationList section */
		749BB6BE1AB767010071A98E /* Build configuration list for PBXProject "hsking" */ = {
			isa = XCConfigurationList;
			buildConfigurations = (
				749BB6E41AB767010071A98E /* Debug */,
				749BB6E51AB767010071A98E /* Release */,
			);
			defaultConfigurationIsVisible = 0;
			defaultConfigurationName = Release;
		};
		749BB6E61AB767010071A98E /* Build configuration list for PBXNativeTarget "hsking" */ = {
			isa = XCConfigurationList;
			buildConfigurations = (
				749BB6E71AB767010071A98E /* Debug */,
				749BB6E81AB767010071A98E /* Release */,
			);
			defaultConfigurationIsVisible = 0;
			defaultConfigurationName = Release;
		};
		749BB6E91AB767010071A98E /* Build configuration list for PBXNativeTarget "hskingTests" */ = {
			isa = XCConfigurationList;
			buildConfigurations = (
				749BB6EA1AB767010071A98E /* Debug */,
				749BB6EB1AB767010071A98E /* Release */,
			);
			defaultConfigurationIsVisible = 0;
			defaultConfigurationName = Release;
		};
/* End XCConfigurationList section */
	};
	rootObject = 749BB6BB1AB767010071A98E /* Project object */;
}
